{"format_version":"1.0","provider_schemas":{"registry.terraform.io/cloudfoundry/cloudfoundry":{"provider":{"version":0,"block":{"attributes":{"access_token":{"type":"string","description":"OAuth token to authenticate with Cloud Foundry","description_kind":"markdown","optional":true,"sensitive":true},"api_url":{"type":"string","description":"Specific URL representing the entry point for communication between the client and a Cloud Foundry instance.","description_kind":"markdown","optional":true},"cf_client_id":{"type":"string","description":"Unique identifier for a client application used in authentication and authorization processes","description_kind":"markdown","optional":true},"cf_client_secret":{"type":"string","description":"A confidential string used by a client application for secure authentication and authorization, requires cf_client_id to authenticate","description_kind":"markdown","optional":true,"sensitive":true},"origin":{"type":"string","description":"Indicates the identity provider to be used for login","description_kind":"markdown","optional":true},"password":{"type":"string","description":"A confidential alphanumeric code associated with a user account on the Cloud Foundry platform, requires user to authenticate.","description_kind":"markdown","optional":true,"sensitive":true},"refresh_token":{"type":"string","description":"Token to refresh the access token, requires access_token","description_kind":"markdown","optional":true,"sensitive":true},"skip_ssl_validation":{"type":"bool","description":"Allows the client to disregard SSL certificate validation when connecting to the Cloud Foundry API","description_kind":"markdown","optional":true},"user":{"type":"string","description":"A unique identifier associated with an individual or entity for authentication \u0026 authorization purposes.","description_kind":"markdown","optional":true}},"description":"The Cloud Foundry Terraform plugin is an integration that allows users to leverage Terraform, an infrastructure as code tool, to define and provision infrastructure resources within the Cloud Foundry platform.","description_kind":"markdown"}},"resource_schemas":{"cloudfoundry_app":{"version":0,"block":{"attributes":{"annotations":{"type":["map","string"],"description":"The annotations associated with Cloud Foundry resources. Add as described [here](https://docs.cloudfoundry.org/adminguide/metadata.html#-view-metadata-for-an-object).","description_kind":"markdown","optional":true},"buildpacks":{"type":["set","string"],"description":"Multiple buildpacks used to stage the application.","description_kind":"markdown","optional":true,"computed":true},"command":{"type":"string","description":"A custom start command for the application. This overrides the start command provided by the buildpack.","description_kind":"markdown","optional":true},"created_at":{"type":"string","description":"The date and time when the resource was created in [RFC3339](https://www.ietf.org/rfc/rfc3339.txt) format.","description_kind":"markdown","computed":true},"disk_quota":{"type":"string","description":"The disk space to be allocated for each application instance.","description_kind":"markdown","optional":true,"computed":true},"docker_credentials":{"nested_type":{"attributes":{"password":{"type":"string","description":"The password for the private docker repository.","description_kind":"markdown","optional":true,"sensitive":true},"username":{"type":"string","description":"The username for the private docker repository.","description_kind":"markdown","required":true,"sensitive":true}},"nesting_mode":"single"},"description":"Defines login credentials for private docker repositories","description_kind":"markdown","optional":true},"docker_image":{"type":"string","description":"The URL to the docker image with tag e.g registry.example.com:5000/user/repository/tag or docker image name from the public repo e.g. redis:4.0","description_kind":"markdown","optional":true},"environment":{"type":["map","string"],"description":"Key/value pairs of custom environment variables to set in your app. Does not include any system or service variables.","description_kind":"markdown","optional":true},"health_check_http_endpoint":{"type":"string","description":"The endpoint for the http health check type.","description_kind":"markdown","optional":true},"health_check_interval":{"type":"number","description":"The interval in seconds between health checks.","description_kind":"markdown","optional":true},"health_check_invocation_timeout":{"type":"number","description":"The timeout in seconds for the health check requests for http and port health checks.","description_kind":"markdown","optional":true},"health_check_type":{"type":"string","description":"The health check type which can be one of 'port', 'process', 'http'.","description_kind":"markdown","optional":true,"computed":true},"id":{"type":"string","description":"The GUID of the object.","description_kind":"markdown","computed":true},"instances":{"type":"number","description":"The number of app instances that you want to start. Defaults to 1.","description_kind":"markdown","optional":true,"computed":true},"labels":{"type":["map","string"],"description":"The labels associated with Cloud Foundry resources. Add as described [here](https://docs.cloudfoundry.org/adminguide/metadata.html#-view-metadata-for-an-object).","description_kind":"markdown","optional":true},"log_rate_limit_per_second":{"type":"string","description":"The attribute specifies the log rate limit for all instances of an app.","description_kind":"markdown","optional":true,"computed":true},"memory":{"type":"string","description":"The memory limit for each application instance. If not provided, value is computed and retreived from Cloud Foundry.","description_kind":"markdown","optional":true,"computed":true},"name":{"type":"string","description":"The name of the application.","description_kind":"markdown","required":true},"no_route":{"type":"bool","description":"The attribute with a value of true to prevent a route from being created for your app.","description_kind":"markdown","optional":true},"org_name":{"type":"string","description":"The name of the associated Cloud Foundry organization.","description_kind":"markdown","required":true},"path":{"type":"string","description":"The path to the zip file for the application.","description_kind":"markdown","optional":true},"processes":{"nested_type":{"attributes":{"command":{"type":"string","description":"A custom start command for the application. This overrides the start command provided by the buildpack.","description_kind":"markdown","optional":true},"disk_quota":{"type":"string","description":"The disk space to be allocated for each application instance.","description_kind":"markdown","optional":true,"computed":true},"health_check_http_endpoint":{"type":"string","description":"The endpoint for the http health check type.","description_kind":"markdown","optional":true},"health_check_interval":{"type":"number","description":"The interval in seconds between health checks.","description_kind":"markdown","optional":true},"health_check_invocation_timeout":{"type":"number","description":"The timeout in seconds for the health check requests for http and port health checks.","description_kind":"markdown","optional":true},"health_check_type":{"type":"string","description":"The health check type which can be one of 'port', 'process', 'http'.","description_kind":"markdown","optional":true,"computed":true},"instances":{"type":"number","description":"The number of app instances that you want to start. Defaults to 1.","description_kind":"markdown","optional":true,"computed":true},"log_rate_limit_per_second":{"type":"string","description":"The attribute specifies the log rate limit for all instances of an app.","description_kind":"markdown","optional":true,"computed":true},"memory":{"type":"string","description":"The memory limit for each application instance. If not provided, value is computed and retreived from Cloud Foundry.","description_kind":"markdown","optional":true,"computed":true},"readiness_health_check_http_endpoint":{"type":"string","description":"The endpoint for the http readiness health check type.","description_kind":"markdown","optional":true},"readiness_health_check_interval":{"type":"number","description":"The interval in seconds between readiness health checks.","description_kind":"markdown","optional":true},"readiness_health_check_invocation_timeout":{"type":"number","description":"The timeout in seconds for the readiness health check requests for http and port health checks.","description_kind":"markdown","optional":true},"readiness_health_check_type":{"type":"string","description":"The readiness health check type which can be one of 'port', 'process', 'http'.","description_kind":"markdown","optional":true,"computed":true},"timeout":{"type":"number","description":"Time in seconds at which the health-check will report failure.","description_kind":"markdown","optional":true},"type":{"type":"string","description":"The process type. Can be web or worker.","description_kind":"markdown","required":true}},"nesting_mode":"set"},"description":"List of configurations for individual process types.","description_kind":"markdown","optional":true},"random_route":{"type":"bool","description":"The random-route attribute to generate a unique route and avoid name collisions.","description_kind":"markdown","optional":true},"readiness_health_check_http_endpoint":{"type":"string","description":"The endpoint for the http readiness health check type.","description_kind":"markdown","optional":true},"readiness_health_check_interval":{"type":"number","description":"The interval in seconds between readiness health checks.","description_kind":"markdown","optional":true},"readiness_health_check_invocation_timeout":{"type":"number","description":"The timeout in seconds for the readiness health check requests for http and port health checks.","description_kind":"markdown","optional":true},"readiness_health_check_type":{"type":"string","description":"The readiness health check type which can be one of 'port', 'process', 'http'.","description_kind":"markdown","optional":true,"computed":true},"routes":{"nested_type":{"attributes":{"protocol":{"type":"string","description":"The protocol to use for the route. Valid values are http2, http1, and tcp.","description_kind":"markdown","optional":true,"computed":true},"route":{"type":"string","description":"The fully route qualified domain name which will be bound to app","description_kind":"markdown","required":true}},"nesting_mode":"set"},"description":"The routes to map to the application to control its ingress traffic.","description_kind":"markdown","optional":true,"computed":true},"service_bindings":{"nested_type":{"attributes":{"params":{"type":"string","description":"A json object to send to the service broker during service binding.","description_kind":"markdown","optional":true},"service_instance":{"type":"string","description":"The service instance name.","description_kind":"markdown","required":true}},"nesting_mode":"set"},"description":"Service instances to bind to the application.","description_kind":"markdown","optional":true},"sidecars":{"nested_type":{"attributes":{"command":{"type":"string","description":"The command used to start the sidecar.","description_kind":"markdown","optional":true},"memory":{"type":"string","description":"The memory limit for the sidecar.","description_kind":"markdown","optional":true},"name":{"type":"string","description":"Sidecar name. The identifier for the sidecars to be configured.","description_kind":"markdown","required":true},"process_types":{"type":["set","string"],"description":"List of processes to associate sidecar with.","description_kind":"markdown","optional":true}},"nesting_mode":"set"},"description":"The attribute specifies additional processes to run in the same container as your app","description_kind":"markdown","optional":true},"source_code_hash":{"type":"string","description":"Used to trigger updates. Must be set to a base64-encoded SHA256 hash of the path specified.","description_kind":"markdown","optional":true},"space_name":{"type":"string","description":"The name of the associated Cloud Foundry space.","description_kind":"markdown","required":true},"stack":{"type":"string","description":"The base operating system and file system that your application will execute in. Please refer to the [docs](https://v3-apidocs.cloudfoundry.org/version/3.155.0/index.html#stacks) for more information","description_kind":"markdown","optional":true,"computed":true},"strategy":{"type":"string","description":"The deployment strategy to use when deploying the application. Valid values are 'none', 'rolling', and 'blue-green', defaults to 'none'.","description_kind":"markdown","optional":true},"timeout":{"type":"number","description":"Time in seconds at which the health-check will report failure.","description_kind":"markdown","optional":true},"updated_at":{"type":"string","description":"The date and time when the resource was updated in [RFC3339](https://www.ietf.org/rfc/rfc3339.txt) format.","description_kind":"markdown","computed":true}},"description":"Provides a Cloud Foundry resource to manage applications.","description_kind":"markdown"}},"cloudfoundry_buildpack":{"version":0,"block":{"attributes":{"annotations":{"type":["map","string"],"description":"The annotations associated with Cloud Foundry resources. Add as described [here](https://docs.cloudfoundry.org/adminguide/metadata.html#-view-metadata-for-an-object).","description_kind":"markdown","optional":true},"created_at":{"type":"string","description":"The date and time when the resource was created in [RFC3339](https://www.ietf.org/rfc/rfc3339.txt) format.","description_kind":"markdown","computed":true},"enabled":{"type":"bool","description":"Whether or not the buildpack can be used for staging","description_kind":"markdown","optional":true,"computed":true},"filename":{"type":"string","description":"The filename of the buildpack","description_kind":"markdown","computed":true},"id":{"type":"string","description":"The GUID of the object.","description_kind":"markdown","computed":true},"labels":{"type":["map","string"],"description":"The labels associated with Cloud Foundry resources. Add as described [here](https://docs.cloudfoundry.org/adminguide/metadata.html#-view-metadata-for-an-object).","description_kind":"markdown","optional":true},"locked":{"type":"bool","description":"Whether or not the buildpack is locked to prevent updating the bits","description_kind":"markdown","optional":true,"computed":true},"name":{"type":"string","description":"Name of the buildpack","description_kind":"markdown","required":true},"path":{"type":"string","description":"Path of the zip file for the buildpack","description_kind":"markdown","optional":true},"position":{"type":"number","description":"The order in which the buildpacks are checked during buildpack auto-detection","description_kind":"markdown","optional":true,"computed":true},"source_code_hash":{"type":"string","description":"SHA256 hash of the file specified. Terraform relies on this to detect the file changes.","description_kind":"markdown","optional":true},"stack":{"type":"string","description":"The name of the stack that the buildpack will use","description_kind":"markdown","optional":true},"state":{"type":"string","description":"The state of the buildpack","description_kind":"markdown","computed":true},"updated_at":{"type":"string","description":"The date and time when the resource was updated in [RFC3339](https://www.ietf.org/rfc/rfc3339.txt) format.","description_kind":"markdown","computed":true}},"description":"Provides a Cloud Foundry resource for managing Cloud Foundry buildpacks.","description_kind":"markdown"}},"cloudfoundry_domain":{"version":0,"block":{"attributes":{"annotations":{"type":["map","string"],"description":"The annotations associated with Cloud Foundry resources. Add as described [here](https://docs.cloudfoundry.org/adminguide/metadata.html#-view-metadata-for-an-object).","description_kind":"markdown","optional":true},"created_at":{"type":"string","description":"The date and time when the resource was created in [RFC3339](https://www.ietf.org/rfc/rfc3339.txt) format.","description_kind":"markdown","computed":true},"id":{"type":"string","description":"The GUID of the object.","description_kind":"markdown","computed":true},"internal":{"type":"bool","description":"Whether the domain is used for internal (container-to-container) traffic, or external (user-to-container) traffic","description_kind":"markdown","optional":true,"computed":true},"labels":{"type":["map","string"],"description":"The labels associated with Cloud Foundry resources. Add as described [here](https://docs.cloudfoundry.org/adminguide/metadata.html#-view-metadata-for-an-object).","description_kind":"markdown","optional":true},"name":{"type":"string","description":"The name of the domain;must be between 3 ~ 253 characters and follow [RFC 1035](https://tools.ietf.org/html/rfc1035)","description_kind":"markdown","required":true},"org":{"type":"string","description":"The organization the domain is scoped to; if set, the domain will only be available in that organization; otherwise, the domain will be globally available","description_kind":"markdown","optional":true},"router_group":{"type":"string","description":"The desired router group guid. note: creates a tcp domain; cannot be used when internal is set to true or domain is scoped to an org","description_kind":"markdown","optional":true},"shared_orgs":{"type":["set","string"],"description":"Organizations the domain is shared with; if set, the domain will be available in these organizations in addition to the organization the domain is scoped to","description_kind":"markdown","optional":true},"supported_protocols":{"type":["set","string"],"description":"Available protocols for routes using the domain, currently http and tcp","description_kind":"markdown","computed":true},"updated_at":{"type":"string","description":"The date and time when the resource was updated in [RFC3339](https://www.ietf.org/rfc/rfc3339.txt) format.","description_kind":"markdown","computed":true}},"description":"Provides a resource for managing shared or private domains in Cloud Foundry.","description_kind":"markdown"}},"cloudfoundry_isolation_segment":{"version":0,"block":{"attributes":{"annotations":{"type":["map","string"],"description":"The annotations associated with Cloud Foundry resources. Add as described [here](https://docs.cloudfoundry.org/adminguide/metadata.html#-view-metadata-for-an-object).","description_kind":"markdown","optional":true},"created_at":{"type":"string","description":"The date and time when the resource was created in [RFC3339](https://www.ietf.org/rfc/rfc3339.txt) format.","description_kind":"markdown","computed":true},"id":{"type":"string","description":"The GUID of the object.","description_kind":"markdown","computed":true},"labels":{"type":["map","string"],"description":"The labels associated with Cloud Foundry resources. Add as described [here](https://docs.cloudfoundry.org/adminguide/metadata.html#-view-metadata-for-an-object).","description_kind":"markdown","optional":true},"name":{"type":"string","description":"Name of the isolation segment","description_kind":"markdown","required":true},"updated_at":{"type":"string","description":"The date and time when the resource was updated in [RFC3339](https://www.ietf.org/rfc/rfc3339.txt) format.","description_kind":"markdown","computed":true}},"description":"Provides an isolation segment resource for Cloud Foundry.","description_kind":"markdown"}},"cloudfoundry_isolation_segment_entitlement":{"version":0,"block":{"attributes":{"default":{"type":"bool","description":"Set isolation segment as default for the organizations. Defaults to false.","description_kind":"markdown","optional":true},"orgs":{"type":["set","string"],"description":"GUID's of organizations to entitle the segment to.","description_kind":"markdown","required":true},"segment":{"type":"string","description":"GUID of the isolation segment","description_kind":"markdown","required":true}},"description":"Provides a Cloud Foundry resource for entitling and revoking isolation segment from organizations. Only entitles and revokes the segment from the orgs managed through this resource and does not touch existing entitlements. Revoking isolation segment entitlement from an organization will fail if it is the default for the organization. On deleting the resource, the isolation segment will be revoked from the mentioned orgs.","description_kind":"markdown"}},"cloudfoundry_mta":{"version":0,"block":{"attributes":{"deploy_url":{"type":"string","description":"The URL of the deploy service, if a custom one has been used(should be present in the same landscape). By default 'deploy-service.\u003csystem-domain\u003e'","description_kind":"markdown","optional":true},"extension_descriptors":{"type":["set","string"],"description":"The paths for the MTA deployment extension files.","description_kind":"markdown","optional":true},"id":{"type":"string","description":"The MTA ID of the deployment","description_kind":"markdown","computed":true},"mta":{"nested_type":{"attributes":{"metadata":{"nested_type":{"attributes":{"id":{"type":"string","description_kind":"plain","computed":true},"namespace":{"type":"string","description_kind":"plain","computed":true},"version":{"type":"string","description_kind":"plain","computed":true}},"nesting_mode":"single"},"description":"an identifier, version and namespace that uniquely identify the MTA","description_kind":"markdown","computed":true},"modules":{"nested_type":{"attributes":{"app_name":{"type":"string","description_kind":"plain","computed":true},"created_on":{"type":"string","description_kind":"plain","computed":true},"module_name":{"type":"string","description_kind":"plain","computed":true},"provided_dendency_names":{"type":["list","string"],"description_kind":"plain","computed":true},"services":{"type":["list","string"],"description_kind":"plain","computed":true},"updated_on":{"type":"string","description_kind":"plain","computed":true},"uris":{"type":["list","string"],"description_kind":"plain","computed":true}},"nesting_mode":"list"},"description":"the deployable parts contained in the MTA deployment archive, most commonly Cloud Foundry applications or content","description_kind":"markdown","computed":true},"services":{"type":["list","string"],"description_kind":"plain","computed":true}},"nesting_mode":"single"},"description":"contains the details of the MTA object","description_kind":"markdown","computed":true},"mtar_path":{"type":"string","description":"The local path where the MTA archive is present. Either this attribute or mtar_url need to be set.","description_kind":"markdown","optional":true},"mtar_url":{"type":"string","description":"The remote URL where the MTA archive is present","description_kind":"markdown","optional":true},"namespace":{"type":"string","description":"The namespace of the MTA. Should be of valid host format","description_kind":"markdown","optional":true},"source_code_hash":{"type":"string","description":"SHA256 hash of the file specified. Terraform relies on this to detect the file changes.","description_kind":"markdown","optional":true},"space":{"type":"string","description":"The GUID of the space where the MTA will be deployed","description_kind":"markdown","required":true}},"description":"Allows deploying applications and services via an MTAR archive or URL.\n\t\t\n__Further documentation:__ \n [Multitarget Applications in the Cloud Foundry Environment](https://help.sap.com/docs/btp/sap-business-technology-platform/multitarget-applications-in-cloud-foundry-environment)\n","description_kind":"markdown"}},"cloudfoundry_org":{"version":0,"block":{"attributes":{"annotations":{"type":["map","string"],"description":"The annotations associated with Cloud Foundry resources. Add as described [here](https://docs.cloudfoundry.org/adminguide/metadata.html#-view-metadata-for-an-object).","description_kind":"markdown","optional":true},"created_at":{"type":"string","description":"The date and time when the resource was created in [RFC3339](https://www.ietf.org/rfc/rfc3339.txt) format.","description_kind":"markdown","computed":true},"id":{"type":"string","description":"The ID of the Organization","description_kind":"markdown","computed":true},"labels":{"type":["map","string"],"description":"The labels associated with Cloud Foundry resources. Add as described [here](https://docs.cloudfoundry.org/adminguide/metadata.html#-view-metadata-for-an-object).","description_kind":"markdown","optional":true},"name":{"type":"string","description":"The name of the Organization in Cloud Foundry","description_kind":"markdown","required":true},"quota":{"type":"string","description":"The ID of quota to be applied to this Org. Default quota is assigned to the org by default.","description_kind":"markdown","computed":true},"suspended":{"type":"bool","description":"Whether an organization is suspended or not.","description_kind":"markdown","optional":true,"computed":true},"updated_at":{"type":"string","description":"The date and time when the resource was updated in [RFC3339](https://www.ietf.org/rfc/rfc3339.txt) format.","description_kind":"markdown","computed":true}},"description":"Creates a Cloud Foundry Organization \n\t\t\n\t\t__Further documentation:__\n\t\thttps://docs.cloudfoundry.org/concepts/roles.html#orgs\n\t\t","description_kind":"markdown"}},"cloudfoundry_org_quota":{"version":0,"block":{"attributes":{"allow_paid_service_plans":{"type":"bool","description":"Determines whether users can provision instances of non-free service plans. Does not control plan visibility. When false, non-free service plans may be visible in the marketplace but instances can not be provisioned.","description_kind":"markdown","required":true},"created_at":{"type":"string","description":"The date and time when the resource was created in [RFC3339](https://www.ietf.org/rfc/rfc3339.txt) format.","description_kind":"markdown","computed":true},"id":{"type":"string","description":"The GUID of the object.","description_kind":"markdown","computed":true},"instance_memory":{"type":"number","description":"Maximum memory per application instance.","description_kind":"markdown","optional":true},"name":{"type":"string","description":"The name you use to identify the quota or plan in Cloud Foundry","description_kind":"markdown","required":true},"orgs":{"type":["set","string"],"description":"Set of Org GUIDs to which this org quota would be assigned.","description_kind":"markdown","optional":true},"total_app_instances":{"type":"number","description":"Maximum app instances allowed.","description_kind":"markdown","optional":true},"total_app_log_rate_limit":{"type":"number","description":"Maximum log rate allowed for all the started processes and running tasks in bytes/second.","description_kind":"markdown","optional":true},"total_app_tasks":{"type":"number","description":"Maximum tasks allowed per app.","description_kind":"markdown","optional":true},"total_memory":{"type":"number","description":"Maximum memory usage allowed.","description_kind":"markdown","optional":true},"total_private_domains":{"type":"number","description":"Maximum number of private domains allowed to be created within the Org.","description_kind":"markdown","optional":true},"total_route_ports":{"type":"number","description":"Maximum routes with reserved ports.","description_kind":"markdown","optional":true},"total_routes":{"type":"number","description":"Maximum routes allowed.","description_kind":"markdown","optional":true},"total_service_keys":{"type":"number","description":"Maximum service keys allowed.","description_kind":"markdown","optional":true},"total_services":{"type":"number","description":"Maximum services allowed.","description_kind":"markdown","optional":true},"updated_at":{"type":"string","description":"The date and time when the resource was updated in [RFC3339](https://www.ietf.org/rfc/rfc3339.txt) format.","description_kind":"markdown","computed":true}},"description":"Provides a Cloud Foundry resource to manage org quota definitions.","description_kind":"markdown"}},"cloudfoundry_org_role":{"version":0,"block":{"attributes":{"created_at":{"type":"string","description":"The date and time when the resource was created in [RFC3339](https://www.ietf.org/rfc/rfc3339.txt) format.","description_kind":"markdown","computed":true},"id":{"type":"string","description":"The GUID of the object.","description_kind":"markdown","computed":true},"org":{"type":"string","description":"The guid of the organization to assign the role to","description_kind":"markdown","required":true},"origin":{"type":"string","description":"The identity provider for the UAA user","description_kind":"markdown","optional":true},"type":{"type":"string","description":"Role type; see [Valid role types](https://v3-apidocs.cloudfoundry.org/version/3.154.0/index.html#valid-role-types)","description_kind":"markdown","required":true},"updated_at":{"type":"string","description":"The date and time when the resource was updated in [RFC3339](https://www.ietf.org/rfc/rfc3339.txt) format.","description_kind":"markdown","computed":true},"user":{"type":"string","description":"The guid of the cloudfoundry user to assign the role with","description_kind":"markdown","optional":true,"computed":true},"username":{"type":"string","description":"The username of the cloudfoundry user to assign the role with","description_kind":"markdown","optional":true}},"description":"Provides a Cloud Foundry resource for assigning org roles.(Updating a role is not supported according to the docs)","description_kind":"markdown"}},"cloudfoundry_route":{"version":0,"block":{"attributes":{"annotations":{"type":["map","string"],"description":"The annotations associated with Cloud Foundry resources. Add as described [here](https://docs.cloudfoundry.org/adminguide/metadata.html#-view-metadata-for-an-object).","description_kind":"markdown","optional":true},"created_at":{"type":"string","description":"The date and time when the resource was created in [RFC3339](https://www.ietf.org/rfc/rfc3339.txt) format.","description_kind":"markdown","computed":true},"destinations":{"nested_type":{"attributes":{"app_id":{"type":"string","description":"The GUID of the app to route traffic to.","description_kind":"markdown","required":true},"app_process_type":{"type":"string","description":"Type of the process belonging to the app to route traffic to.","description_kind":"markdown","optional":true,"computed":true},"id":{"type":"string","description":"The GUID of the object.","description_kind":"markdown","computed":true},"port":{"type":"number","description":"Port on the destination process to route traffic to.","description_kind":"markdown","optional":true,"computed":true},"protocol":{"type":"string","description":"Protocol to use for this destination.","description_kind":"markdown","optional":true,"computed":true},"weight":{"type":"number","description":"Percentage of traffic which will be routed to this destination.","description_kind":"markdown","optional":true}},"nesting_mode":"set"},"description":"A destination represents the relationship between a route and a resource that can serve traffic.","description_kind":"markdown","optional":true},"domain":{"type":"string","description":"The domain guid associated to the route.","description_kind":"markdown","required":true},"host":{"type":"string","description":"The hostname for the route; not compatible with routes specifying the tcp protocol; must be either a wildcard (*) or be under 63 characters long and only contain letters, numbers, dashes (-) or underscores(_)","description_kind":"markdown","optional":true},"id":{"type":"string","description":"The GUID of the object.","description_kind":"markdown","computed":true},"labels":{"type":["map","string"],"description":"The labels associated with Cloud Foundry resources. Add as described [here](https://docs.cloudfoundry.org/adminguide/metadata.html#-view-metadata-for-an-object).","description_kind":"markdown","optional":true},"path":{"type":"string","description":"The path for the route; not compatible with routes specifying the tcp protocol; must be under 128 characters long and not contain question marks (?), begin with a slash (/) and not be exactly a slash (/).","description_kind":"markdown","optional":true},"port":{"type":"number","description":"The port that the route listens on. Only compatible with routes specifying the tcp protocol","description_kind":"markdown","optional":true},"protocol":{"type":"string","description":"The protocol supported by the route, based on the route's domain configuration.","description_kind":"markdown","computed":true},"space":{"type":"string","description":"The space guid associated to the route.","description_kind":"markdown","required":true},"updated_at":{"type":"string","description":"The date and time when the resource was updated in [RFC3339](https://www.ietf.org/rfc/rfc3339.txt) format.","description_kind":"markdown","computed":true},"url":{"type":"string","description":"The URL for the route.","description_kind":"markdown","computed":true}},"description":"Provides a Cloud Foundry resource for managing Cloud Foundry application routes.","description_kind":"markdown"}},"cloudfoundry_security_group":{"version":0,"block":{"attributes":{"created_at":{"type":"string","description":"The date and time when the resource was created in [RFC3339](https://www.ietf.org/rfc/rfc3339.txt) format.","description_kind":"markdown","computed":true},"globally_enabled_running":{"type":"bool","description":"Specifies whether the group should be applied globally to all running applications","description_kind":"markdown","optional":true,"computed":true},"globally_enabled_staging":{"type":"bool","description":"Specifies whether the group should be applied globally to all staging applications","description_kind":"markdown","optional":true,"computed":true},"id":{"type":"string","description":"The GUID of the object.","description_kind":"markdown","computed":true},"name":{"type":"string","description":"Name of the security group","description_kind":"markdown","required":true},"rules":{"nested_type":{"attributes":{"code":{"type":"number","description":"[Code](https://www.iana.org/assignments/icmp-parameters/icmp-parameters.xhtml#icmp-parameters-codes) required for ICMP protocol; valid values are between -1 and 255 (inclusive), where -1 allows all","description_kind":"markdown","optional":true},"description":{"type":"string","description":"A description for the rule","description_kind":"markdown","optional":true},"destination":{"type":"string","description":"Destinations that the rule applies to. Valid CIDR, IP address, or IP address range","description_kind":"markdown","required":true},"log":{"type":"bool","description":"Enable logging for rule","description_kind":"markdown","optional":true},"ports":{"type":"string","description":"Ports that the rule applies to; can be a single port (9000), a comma-separated list (9000,9001), or a range (9000-9200)","description_kind":"markdown","optional":true},"protocol":{"type":"string","description":"Protocol type. Valid values are tcp, udp, icmp, or all","description_kind":"markdown","required":true},"type":{"type":"number","description":"[Type](https://www.iana.org/assignments/icmp-parameters/icmp-parameters.xhtml#icmp-parameters-types) required for ICMP protocol; valid values are between -1 and 255 (inclusive), where -1 allows all","description_kind":"markdown","optional":true}},"nesting_mode":"list"},"description":"Rules that will be applied by this security group","description_kind":"markdown","optional":true},"running_spaces":{"type":["set","string"],"description":"The spaces where the security_group is applied to applications during runtime","description_kind":"markdown","optional":true},"staging_spaces":{"type":["set","string"],"description":"The spaces where the security_group is applied to applications during staging","description_kind":"markdown","optional":true},"updated_at":{"type":"string","description":"The date and time when the resource was updated in [RFC3339](https://www.ietf.org/rfc/rfc3339.txt) format.","description_kind":"markdown","computed":true}},"description":"Provides an application security group resource for Cloud Foundry. This resource defines egress rules that can be applied to containers that stage and run applications.","description_kind":"markdown"}},"cloudfoundry_service_broker":{"version":0,"block":{"attributes":{"annotations":{"type":["map","string"],"description":"The annotations associated with Cloud Foundry resources. Add as described [here](https://docs.cloudfoundry.org/adminguide/metadata.html#-view-metadata-for-an-object).","description_kind":"markdown","optional":true},"created_at":{"type":"string","description":"The date and time when the resource was created in [RFC3339](https://www.ietf.org/rfc/rfc3339.txt) format.","description_kind":"markdown","computed":true},"id":{"type":"string","description":"The GUID of the object.","description_kind":"markdown","computed":true},"labels":{"type":["map","string"],"description":"The labels associated with Cloud Foundry resources. Add as described [here](https://docs.cloudfoundry.org/adminguide/metadata.html#-view-metadata-for-an-object).","description_kind":"markdown","optional":true},"name":{"type":"string","description":"Name of the service broker","description_kind":"markdown","required":true},"password":{"type":"string","description":"The password with which to authenticate against the service broker.","description_kind":"markdown","required":true,"sensitive":true},"space":{"type":"string","description":"The GUID of the space the service broker is restricted to; omitted for globally available service brokers","description_kind":"markdown","optional":true},"updated_at":{"type":"string","description":"The date and time when the resource was updated in [RFC3339](https://www.ietf.org/rfc/rfc3339.txt) format.","description_kind":"markdown","computed":true},"url":{"type":"string","description":"URL of the service broker","description_kind":"markdown","required":true},"username":{"type":"string","description":"The username with which to authenticate against the service broker.","description_kind":"markdown","required":true}},"description":"Provides a Cloud Foundry resource for managing service brokers","description_kind":"markdown"}},"cloudfoundry_service_credential_binding":{"version":0,"block":{"attributes":{"annotations":{"type":["map","string"],"description":"The annotations associated with Cloud Foundry resources. Add as described [here](https://docs.cloudfoundry.org/adminguide/metadata.html#-view-metadata-for-an-object).","description_kind":"markdown","optional":true},"app":{"type":"string","description":"The GUID of the app to be bound. Required when type is app","description_kind":"markdown","optional":true},"created_at":{"type":"string","description":"The date and time when the resource was created in [RFC3339](https://www.ietf.org/rfc/rfc3339.txt) format.","description_kind":"markdown","computed":true},"id":{"type":"string","description":"The GUID of the object.","description_kind":"markdown","computed":true},"labels":{"type":["map","string"],"description":"The labels associated with Cloud Foundry resources. Add as described [here](https://docs.cloudfoundry.org/adminguide/metadata.html#-view-metadata-for-an-object).","description_kind":"markdown","optional":true},"last_operation":{"nested_type":{"attributes":{"created_at":{"type":"string","description":"The time at which the last operation was created","description_kind":"markdown","computed":true},"description":{"type":"string","description":"A description of the last operation","description_kind":"markdown","computed":true},"state":{"type":"string","description":"The state of the last operation","description_kind":"markdown","computed":true},"type":{"type":"string","description":"The type of the last operation","description_kind":"markdown","computed":true},"updated_at":{"type":"string","description":"The time at which the last operation was updated","description_kind":"markdown","computed":true}},"nesting_mode":"single"},"description":"The details of the last operation performed on the resource","description_kind":"markdown","computed":true},"name":{"type":"string","description":"Name of the service credential binding. name is optional when the type is app","description_kind":"markdown","optional":true},"parameters":{"type":"string","description":"A JSON object that is passed to the service broker for managed service instance.","description_kind":"markdown","optional":true,"sensitive":true},"service_instance":{"type":"string","description":"The GUID of the service instance to be bound","description_kind":"markdown","required":true},"type":{"type":"string","description":"Type of the service credential binding. Either app or key.","description_kind":"markdown","required":true},"updated_at":{"type":"string","description":"The date and time when the resource was updated in [RFC3339](https://www.ietf.org/rfc/rfc3339.txt) format.","description_kind":"markdown","computed":true}},"description":"Service credential bindings are used to make the details of the connection to a service instance available to an app or a developer.\n\t\tService credential bindings can be of type app or key.\n\t\tA service credential binding is of type app when it is a binding between a service instance and an application Not all services support this binding, as some services deliver value to users directly without integration with an application. Field broker_catalog.features.bindable from service plan of the service instance can be used to determine if it is bindable.\n\t\tA service credential binding is of type key when it only retrieves the details of the service instance and makes them available to the developer.","description_kind":"markdown"}},"cloudfoundry_service_instance":{"version":0,"block":{"attributes":{"annotations":{"type":["map","string"],"description":"The annotations associated with Cloud Foundry resources. Add as described [here](https://docs.cloudfoundry.org/adminguide/metadata.html#-view-metadata-for-an-object).","description_kind":"markdown","optional":true},"created_at":{"type":"string","description":"The date and time when the resource was created in [RFC3339](https://www.ietf.org/rfc/rfc3339.txt) format.","description_kind":"markdown","computed":true},"credentials":{"type":"string","description":"A JSON object that is made available to apps bound to this service instance of type user-provided.","description_kind":"markdown","optional":true,"sensitive":true},"dashboard_url":{"type":"string","description":"The URL to the service instance dashboard (or null if there is none); only shown when type is managed.","description_kind":"markdown","computed":true},"id":{"type":"string","description":"The GUID of the object.","description_kind":"markdown","computed":true},"labels":{"type":["map","string"],"description":"The labels associated with Cloud Foundry resources. Add as described [here](https://docs.cloudfoundry.org/adminguide/metadata.html#-view-metadata-for-an-object).","description_kind":"markdown","optional":true},"last_operation":{"nested_type":{"attributes":{"created_at":{"type":"string","description":"The time at which the last operation was created","description_kind":"markdown","computed":true},"description":{"type":"string","description":"A description of the last operation","description_kind":"markdown","computed":true},"state":{"type":"string","description":"The state of the last operation","description_kind":"markdown","computed":true},"type":{"type":"string","description":"The type of the last operation","description_kind":"markdown","computed":true},"updated_at":{"type":"string","description":"The time at which the last operation was updated","description_kind":"markdown","computed":true}},"nesting_mode":"single"},"description":"The details of the last operation performed on the resource","description_kind":"markdown","computed":true},"maintenance_info":{"nested_type":{"attributes":{"description":{"type":"string","description":"A description of the version of the service instance","description_kind":"markdown","computed":true},"version":{"type":"string","description":"The version of the service instance","description_kind":"markdown","computed":true}},"nesting_mode":"single"},"description":"Information about the version of this service instance; only shown when type is managed","description_kind":"markdown","computed":true},"name":{"type":"string","description":"The name of the service instance","description_kind":"markdown","required":true},"parameters":{"type":"string","description":"A JSON object that is passed to the service broker for managed service instance.","description_kind":"markdown","optional":true,"sensitive":true},"route_service_url":{"type":"string","description":"URL to which requests for bound routes will be forwarded; only shown when type is user-provided.","description_kind":"markdown","optional":true},"service_plan":{"type":"string","description":"The ID of the service plan from which to create the service instance","description_kind":"markdown","optional":true},"space":{"type":"string","description":"The ID of the space in which to create the service instance","description_kind":"markdown","required":true},"syslog_drain_url":{"type":"string","description":"URL to which logs for bound applications will be streamed; only shown when type is user-provided.","description_kind":"markdown","optional":true},"tags":{"type":["list","string"],"description":"List of tags used by apps to identify service instances. They are shown in the app VCAP_SERVICES env.","description_kind":"markdown","optional":true},"timeouts":{"nested_type":{"attributes":{"create":{"type":"string","description":"Timeout for creating the service instance. Default is 40 minutes","description_kind":"plain","optional":true},"delete":{"type":"string","description":"Timeout for deleting the service instance. Default is 40 minutes","description_kind":"plain","optional":true},"update":{"type":"string","description":"Timeout for updating the service instance. Default is 40 minutes","description_kind":"plain","optional":true}},"nesting_mode":"single"},"description_kind":"plain","optional":true},"type":{"type":"string","description":"Type of the service instance. Either managed or user-provided.","description_kind":"markdown","required":true},"updated_at":{"type":"string","description":"The date and time when the resource was updated in [RFC3339](https://www.ietf.org/rfc/rfc3339.txt) format.","description_kind":"markdown","computed":true},"upgrade_available":{"type":"bool","description":"Whether or not an upgrade of this service instance is available on the current Service Plan; details are available in the maintenance_info object; Only shown when type is managed","description_kind":"markdown","computed":true}},"description":"Creates a service instance in a cloudfoundry space.\n\n__Further documentation:__\nhttps://docs.cloudfoundry.org/devguide/services","description_kind":"markdown"}},"cloudfoundry_service_route_binding":{"version":0,"block":{"attributes":{"annotations":{"type":["map","string"],"description":"The annotations associated with Cloud Foundry resources. Add as described [here](https://docs.cloudfoundry.org/adminguide/metadata.html#-view-metadata-for-an-object).","description_kind":"markdown","optional":true},"created_at":{"type":"string","description":"The date and time when the resource was created in [RFC3339](https://www.ietf.org/rfc/rfc3339.txt) format.","description_kind":"markdown","computed":true},"id":{"type":"string","description":"The GUID of the object.","description_kind":"markdown","computed":true},"labels":{"type":["map","string"],"description":"The labels associated with Cloud Foundry resources. Add as described [here](https://docs.cloudfoundry.org/adminguide/metadata.html#-view-metadata-for-an-object).","description_kind":"markdown","optional":true},"last_operation":{"nested_type":{"attributes":{"created_at":{"type":"string","description":"The time at which the last operation was created","description_kind":"markdown","computed":true},"description":{"type":"string","description":"A description of the last operation","description_kind":"markdown","computed":true},"state":{"type":"string","description":"The state of the last operation","description_kind":"markdown","computed":true},"type":{"type":"string","description":"The type of the last operation","description_kind":"markdown","computed":true},"updated_at":{"type":"string","description":"The time at which the last operation was updated","description_kind":"markdown","computed":true}},"nesting_mode":"single"},"description":"The details of the last operation performed on the resource","description_kind":"markdown","computed":true},"parameters":{"type":"string","description":"A JSON object that is passed to the service broker for managed service instance.","description_kind":"markdown","optional":true},"route":{"type":"string","description":"The GUID of the route to be bound","description_kind":"markdown","required":true},"route_service_url":{"type":"string","description":"URL to which requests for bound routes will be forwarded.","description_kind":"markdown","computed":true},"service_instance":{"type":"string","description":"The GUID of the service instance to be bound","description_kind":"markdown","required":true},"updated_at":{"type":"string","description":"The date and time when the resource was updated in [RFC3339](https://www.ietf.org/rfc/rfc3339.txt) format.","description_kind":"markdown","computed":true}},"description":"Service route bindings are relations between a service instance and a route.\n\nNot all service instances support route binding. In order to bind to a managed service instance, the service instance should be created from a service offering that has requires route forwarding (requires=[route_forwarding]). In order to bind to a user-provided service instance, the service instance must have route_service_url set.","description_kind":"markdown"}},"cloudfoundry_space":{"version":0,"block":{"attributes":{"allow_ssh":{"type":"bool","description":"Allows SSH to application containers via the CF CLI.","description_kind":"markdown","optional":true,"computed":true},"annotations":{"type":["map","string"],"description":"The annotations associated with Cloud Foundry resources. Add as described [here](https://docs.cloudfoundry.org/adminguide/metadata.html#-view-metadata-for-an-object).","description_kind":"markdown","optional":true},"created_at":{"type":"string","description":"The date and time when the resource was created in [RFC3339](https://www.ietf.org/rfc/rfc3339.txt) format.","description_kind":"markdown","computed":true},"id":{"type":"string","description":"The GUID of the object.","description_kind":"markdown","computed":true},"isolation_segment":{"type":"string","description":"The ID of the isolation segment to assign to the space. The isolation segment must be entitled to the space's parent organization","description_kind":"markdown","optional":true},"labels":{"type":["map","string"],"description":"The labels associated with Cloud Foundry resources. Add as described [here](https://docs.cloudfoundry.org/adminguide/metadata.html#-view-metadata-for-an-object).","description_kind":"markdown","optional":true},"name":{"type":"string","description":"The name of the Space in Cloud Foundry","description_kind":"markdown","required":true},"org":{"type":"string","description":"The ID of the Org within which to create the space","description_kind":"markdown","required":true},"quota":{"type":"string","description":"The space quota applied to the space. To assign a space quota, use the space quota resource instead.","description_kind":"markdown","computed":true},"updated_at":{"type":"string","description":"The date and time when the resource was updated in [RFC3339](https://www.ietf.org/rfc/rfc3339.txt) format.","description_kind":"markdown","computed":true}},"description":"Provides a Cloud Foundry resource for managing Cloud Foundry spaces within organizations.","description_kind":"markdown"}},"cloudfoundry_space_quota":{"version":0,"block":{"attributes":{"allow_paid_service_plans":{"type":"bool","description":"Determines whether users can provision instances of non-free service plans. Does not control plan visibility. When false, non-free service plans may be visible in the marketplace but instances can not be provisioned.","description_kind":"markdown","required":true},"created_at":{"type":"string","description":"The date and time when the resource was created in [RFC3339](https://www.ietf.org/rfc/rfc3339.txt) format.","description_kind":"markdown","computed":true},"id":{"type":"string","description":"The GUID of the object.","description_kind":"markdown","computed":true},"instance_memory":{"type":"number","description":"Maximum memory per application instance.","description_kind":"markdown","optional":true},"name":{"type":"string","description":"The name you use to identify the quota or plan in Cloud Foundry","description_kind":"markdown","required":true},"org":{"type":"string","description":"The ID of the Org within which to create the space quota","description_kind":"markdown","required":true},"spaces":{"type":["set","string"],"description":"Set of space GUIDs to which this space quota would be assigned.","description_kind":"markdown","optional":true},"total_app_instances":{"type":"number","description":"Maximum app instances allowed.","description_kind":"markdown","optional":true},"total_app_log_rate_limit":{"type":"number","description":"Maximum log rate allowed for all the started processes and running tasks in bytes/second.","description_kind":"markdown","optional":true},"total_app_tasks":{"type":"number","description":"Maximum tasks allowed per app.","description_kind":"markdown","optional":true},"total_memory":{"type":"number","description":"Maximum memory usage allowed.","description_kind":"markdown","optional":true},"total_route_ports":{"type":"number","description":"Total number of ports that are reservable by routes in a space.","description_kind":"markdown","optional":true},"total_routes":{"type":"number","description":"Maximum routes allowed.","description_kind":"markdown","optional":true},"total_service_keys":{"type":"number","description":"Maximum service keys allowed.","description_kind":"markdown","optional":true},"total_services":{"type":"number","description":"Maximum services allowed.","description_kind":"markdown","optional":true},"updated_at":{"type":"string","description":"The date and time when the resource was updated in [RFC3339](https://www.ietf.org/rfc/rfc3339.txt) format.","description_kind":"markdown","computed":true}},"description":"Provides a Cloud Foundry resource to manage space quota definitions.","description_kind":"markdown"}},"cloudfoundry_space_role":{"version":0,"block":{"attributes":{"created_at":{"type":"string","description":"The date and time when the resource was created in [RFC3339](https://www.ietf.org/rfc/rfc3339.txt) format.","description_kind":"markdown","computed":true},"id":{"type":"string","description":"The GUID of the object.","description_kind":"markdown","computed":true},"origin":{"type":"string","description":"The identity provider for the UAA user","description_kind":"markdown","optional":true},"space":{"type":"string","description":"The guid of the space to assign the role to","description_kind":"markdown","required":true},"type":{"type":"string","description":"Role type; see [Valid role types](https://v3-apidocs.cloudfoundry.org/version/3.154.0/index.html#valid-role-types)","description_kind":"markdown","required":true},"updated_at":{"type":"string","description":"The date and time when the resource was updated in [RFC3339](https://www.ietf.org/rfc/rfc3339.txt) format.","description_kind":"markdown","computed":true},"user":{"type":"string","description":"The guid of the cloudfoundry user to assign the role with","description_kind":"markdown","optional":true,"computed":true},"username":{"type":"string","description":"The username of the cloudfoundry user to assign the role with","description_kind":"markdown","optional":true}},"description":"Provides a Cloud Foundry resource for assigning space roles. For a user to be assigned a space role, the user must already have the organization_user role.(Updating a role is not supported according to the docs)","description_kind":"markdown"}},"cloudfoundry_user":{"version":0,"block":{"attributes":{"annotations":{"type":["map","string"],"description":"The annotations associated with Cloud Foundry resources. Add as described [here](https://docs.cloudfoundry.org/adminguide/metadata.html#-view-metadata-for-an-object).","description_kind":"markdown","optional":true},"created_at":{"type":"string","description":"The date and time when the resource was created in [RFC3339](https://www.ietf.org/rfc/rfc3339.txt) format.","description_kind":"markdown","computed":true},"email":{"type":"string","description":"The email address of the user. When not provided, name is used as email.","description_kind":"markdown","optional":true,"computed":true},"family_name":{"type":"string","description":"The user's last name.","description_kind":"markdown","optional":true},"given_name":{"type":"string","description":"The user's first name.","description_kind":"markdown","optional":true},"groups":{"type":["set","string"],"description":"Any UAA groups / roles to associate the user with.","description_kind":"markdown","computed":true},"id":{"type":"string","description":"The GUID of the object.","description_kind":"markdown","computed":true},"labels":{"type":["map","string"],"description":"The labels associated with Cloud Foundry resources. Add as described [here](https://docs.cloudfoundry.org/adminguide/metadata.html#-view-metadata-for-an-object).","description_kind":"markdown","optional":true},"origin":{"type":"string","description":"The alias of the Identity Provider that authenticated this user.","description_kind":"markdown","optional":true,"computed":true},"password":{"type":"string","description":"User's password, required if origin is set to uaa.","description_kind":"markdown","optional":true,"sensitive":true},"updated_at":{"type":"string","description":"The date and time when the resource was updated in [RFC3339](https://www.ietf.org/rfc/rfc3339.txt) format.","description_kind":"markdown","computed":true},"username":{"type":"string","description":"User name of the user, typically an email address.","description_kind":"markdown","required":true}},"description":"Provides a resource for creating users in the origin store and registering them in Cloud Foundry. If the origin store user or the CF user already exists with the given username, it will fetch that user and store it in the state for resource management.","description_kind":"markdown"}},"cloudfoundry_user_groups":{"version":0,"block":{"attributes":{"groups":{"type":["set","string"],"description":"The authorization scope or groups display names to add the user to.","description_kind":"markdown","required":true},"origin":{"type":"string","description":"The user authentcation origin.","description_kind":"markdown","required":true},"user":{"type":"string","description":"GUID of the isolation segment.","description_kind":"markdown","required":true}},"description":"Provides a resource for adding or removing a user from various UAA origin store groups. If user already present in a particular group, no action will be taken","description_kind":"markdown"}}},"data_source_schemas":{"cloudfoundry_app":{"version":0,"block":{"attributes":{"annotations":{"type":["map","string"],"description":"The annotations associated with Cloud Foundry resources.","description_kind":"markdown","computed":true},"buildpacks":{"type":["set","string"],"description":"Multiple buildpacks used to stage the application.","description_kind":"markdown","computed":true},"command":{"type":"string","description":"A custom start command for the application. This overrides the start command provided by the buildpack.","description_kind":"markdown","computed":true},"created_at":{"type":"string","description":"The date and time when the resource was created in [RFC3339](https://www.ietf.org/rfc/rfc3339.txt) format.","description_kind":"markdown","computed":true},"disk_quota":{"type":"string","description":"The disk space to be allocated for each application instance.","description_kind":"markdown","computed":true},"docker_credentials":{"nested_type":{"attributes":{"username":{"type":"string","description":"The username for the private docker repository.","description_kind":"markdown","computed":true,"sensitive":true}},"nesting_mode":"single"},"description":"Defines login credentials for private docker repositories","description_kind":"markdown","computed":true},"docker_image":{"type":"string","description":"The URL to the docker image with tag","description_kind":"markdown","computed":true},"environment":{"type":["map","string"],"description":"Key/value pairs of custom environment variables in your app. Does not include any system or service variables.","description_kind":"markdown","computed":true},"health_check_http_endpoint":{"type":"string","description":"The endpoint for the http health check type.","description_kind":"markdown","computed":true},"health_check_interval":{"type":"number","description":"The interval in seconds between health checks.","description_kind":"markdown","computed":true},"health_check_invocation_timeout":{"type":"number","description":"The timeout in seconds for the health check requests for http and port health checks.","description_kind":"markdown","computed":true},"health_check_type":{"type":"string","description":"The health check type which can be one of 'port', 'process', 'http'.","description_kind":"markdown","computed":true},"id":{"type":"string","description":"The GUID of the object.","description_kind":"markdown","computed":true},"instances":{"type":"number","description":"The number of app instances started.","description_kind":"markdown","computed":true},"labels":{"type":["map","string"],"description":"The labels associated with Cloud Foundry resources.","description_kind":"markdown","computed":true},"log_rate_limit_per_second":{"type":"string","description":"The attribute specifies the log rate limit for all instances of an app.","description_kind":"markdown","computed":true},"memory":{"type":"string","description":"The memory limit for each application instance.","description_kind":"markdown","computed":true},"name":{"type":"string","description":"The name of the application to look up","description_kind":"markdown","required":true},"org_name":{"type":"string","description":"The name of the associated Cloud Foundry organization to look up","description_kind":"markdown","required":true},"processes":{"nested_type":{"attributes":{"command":{"type":"string","description":"A custom start command for the application. This overrides the start command provided by the buildpack.","description_kind":"markdown","computed":true},"disk_quota":{"type":"string","description":"The disk space to be allocated for each application instance.","description_kind":"markdown","computed":true},"health_check_http_endpoint":{"type":"string","description":"The endpoint for the http health check type.","description_kind":"markdown","computed":true},"health_check_interval":{"type":"number","description":"The interval in seconds between health checks.","description_kind":"markdown","computed":true},"health_check_invocation_timeout":{"type":"number","description":"The timeout in seconds for the health check requests for http and port health checks.","description_kind":"markdown","computed":true},"health_check_type":{"type":"string","description":"The health check type which can be one of 'port', 'process', 'http'.","description_kind":"markdown","computed":true},"instances":{"type":"number","description":"The number of app instances started.","description_kind":"markdown","computed":true},"log_rate_limit_per_second":{"type":"string","description":"The attribute specifies the log rate limit for all instances of an app.","description_kind":"markdown","computed":true},"memory":{"type":"string","description":"The memory limit for each application instance.","description_kind":"markdown","computed":true},"readiness_health_check_http_endpoint":{"type":"string","description":"The endpoint for the http readiness health check type.","description_kind":"markdown","computed":true},"readiness_health_check_interval":{"type":"number","description":"The interval in seconds between readiness health checks.","description_kind":"markdown","computed":true},"readiness_health_check_invocation_timeout":{"type":"number","description":"The timeout in seconds for the readiness health check requests for http and port health checks.","description_kind":"markdown","computed":true},"readiness_health_check_type":{"type":"string","description":"The readiness health check type which can be one of 'port', 'process', 'http'.","description_kind":"markdown","computed":true},"timeout":{"type":"number","description":"Time in seconds at which the health-check will report failure.","description_kind":"markdown","computed":true},"type":{"type":"string","description":"The process type. Can be web or worker.","description_kind":"markdown","computed":true}},"nesting_mode":"set"},"description":"List of configurations for individual process types.","description_kind":"markdown","computed":true},"readiness_health_check_http_endpoint":{"type":"string","description":"The endpoint for the http readiness health check type.","description_kind":"markdown","computed":true},"readiness_health_check_interval":{"type":"number","description":"The interval in seconds between readiness health checks.","description_kind":"markdown","computed":true},"readiness_health_check_invocation_timeout":{"type":"number","description":"The timeout in seconds for the readiness health check requests for http and port health checks.","description_kind":"markdown","computed":true},"readiness_health_check_type":{"type":"string","description":"The readiness health check type which can be one of 'port', 'process', 'http'.","description_kind":"markdown","computed":true},"routes":{"nested_type":{"attributes":{"protocol":{"type":"string","description":"The protocol used for the route. Valid values are http2, http1, and tcp.","description_kind":"markdown","computed":true},"route":{"type":"string","description":"The fully qualified domain name which will be bound to app","description_kind":"markdown","computed":true}},"nesting_mode":"set"},"description":"The routes to map to the application to control its ingress traffic.","description_kind":"markdown","computed":true},"service_bindings":{"nested_type":{"attributes":{"params":{"type":"string","description":"A json object to represent the parameters for the service instance.","description_kind":"markdown","computed":true},"service_instance":{"type":"string","description":"The service instance name.","description_kind":"markdown","computed":true}},"nesting_mode":"set"},"description":"Service instances bound to the application.","description_kind":"markdown","computed":true},"sidecars":{"nested_type":{"attributes":{"command":{"type":"string","description":"The command used to start the sidecar.","description_kind":"markdown","computed":true},"memory":{"type":"string","description":"The memory limit for the sidecar.","description_kind":"markdown","computed":true},"name":{"type":"string","description":"Sidecar name. The identifier for the sidecars to be configured.","description_kind":"markdown","computed":true},"process_types":{"type":["set","string"],"description":"List of processes to associate sidecar with.","description_kind":"markdown","computed":true}},"nesting_mode":"set"},"description":"The attribute specifies additional processes to run in the same container as your app","description_kind":"markdown","computed":true},"space_name":{"type":"string","description":"The name of the space to look up","description_kind":"markdown","required":true},"stack":{"type":"string","description":"The name of the stack the application will be deployed to.","description_kind":"markdown","computed":true},"timeout":{"type":"number","description":"Time in seconds at which the health-check will report failure.","description_kind":"markdown","computed":true},"updated_at":{"type":"string","description":"The date and time when the resource was updated in [RFC3339](https://www.ietf.org/rfc/rfc3339.txt) format.","description_kind":"markdown","computed":true}},"description":"Gets information on a Cloud Foundry application.","description_kind":"markdown"}},"cloudfoundry_apps":{"version":0,"block":{"attributes":{"apps":{"nested_type":{"attributes":{"annotations":{"type":["map","string"],"description":"The annotations associated with Cloud Foundry resources.","description_kind":"markdown","computed":true},"buildpacks":{"type":["set","string"],"description":"Multiple buildpacks used to stage the application.","description_kind":"markdown","computed":true},"command":{"type":"string","description":"A custom start command for the application. This overrides the start command provided by the buildpack.","description_kind":"markdown","computed":true},"created_at":{"type":"string","description":"The date and time when the resource was created in [RFC3339](https://www.ietf.org/rfc/rfc3339.txt) format.","description_kind":"markdown","computed":true},"disk_quota":{"type":"string","description":"The disk space to be allocated for each application instance.","description_kind":"markdown","computed":true},"docker_credentials":{"nested_type":{"attributes":{"username":{"type":"string","description":"The username for the private docker repository.","description_kind":"markdown","computed":true,"sensitive":true}},"nesting_mode":"single"},"description":"Defines login credentials for private docker repositories","description_kind":"markdown","computed":true},"docker_image":{"type":"string","description":"The URL to the docker image with tag","description_kind":"markdown","computed":true},"environment":{"type":["map","string"],"description":"Key/value pairs of custom environment variables in your app. Does not include any system or service variables.","description_kind":"markdown","computed":true},"health_check_http_endpoint":{"type":"string","description":"The endpoint for the http health check type.","description_kind":"markdown","computed":true},"health_check_interval":{"type":"number","description":"The interval in seconds between health checks.","description_kind":"markdown","computed":true},"health_check_invocation_timeout":{"type":"number","description":"The timeout in seconds for the health check requests for http and port health checks.","description_kind":"markdown","computed":true},"health_check_type":{"type":"string","description":"The health check type which can be one of 'port', 'process', 'http'.","description_kind":"markdown","computed":true},"id":{"type":"string","description":"The GUID of the object.","description_kind":"markdown","computed":true},"instances":{"type":"number","description":"The number of app instances started.","description_kind":"markdown","computed":true},"labels":{"type":["map","string"],"description":"The labels associated with Cloud Foundry resources.","description_kind":"markdown","computed":true},"log_rate_limit_per_second":{"type":"string","description":"The attribute specifies the log rate limit for all instances of an app.","description_kind":"markdown","computed":true},"memory":{"type":"string","description":"The memory limit for each application instance.","description_kind":"markdown","computed":true},"name":{"type":"string","description":"The name of the application to look up","description_kind":"markdown","computed":true},"org_name":{"type":"string","description":"The name of the associated Cloud Foundry organization to look up","description_kind":"markdown","computed":true},"processes":{"nested_type":{"attributes":{"command":{"type":"string","description":"A custom start command for the application. This overrides the start command provided by the buildpack.","description_kind":"markdown","computed":true},"disk_quota":{"type":"string","description":"The disk space to be allocated for each application instance.","description_kind":"markdown","computed":true},"health_check_http_endpoint":{"type":"string","description":"The endpoint for the http health check type.","description_kind":"markdown","computed":true},"health_check_interval":{"type":"number","description":"The interval in seconds between health checks.","description_kind":"markdown","computed":true},"health_check_invocation_timeout":{"type":"number","description":"The timeout in seconds for the health check requests for http and port health checks.","description_kind":"markdown","computed":true},"health_check_type":{"type":"string","description":"The health check type which can be one of 'port', 'process', 'http'.","description_kind":"markdown","computed":true},"instances":{"type":"number","description":"The number of app instances started.","description_kind":"markdown","computed":true},"log_rate_limit_per_second":{"type":"string","description":"The attribute specifies the log rate limit for all instances of an app.","description_kind":"markdown","computed":true},"memory":{"type":"string","description":"The memory limit for each application instance.","description_kind":"markdown","computed":true},"readiness_health_check_http_endpoint":{"type":"string","description":"The endpoint for the http readiness health check type.","description_kind":"markdown","computed":true},"readiness_health_check_interval":{"type":"number","description":"The interval in seconds between readiness health checks.","description_kind":"markdown","computed":true},"readiness_health_check_invocation_timeout":{"type":"number","description":"The timeout in seconds for the readiness health check requests for http and port health checks.","description_kind":"markdown","computed":true},"readiness_health_check_type":{"type":"string","description":"The readiness health check type which can be one of 'port', 'process', 'http'.","description_kind":"markdown","computed":true},"timeout":{"type":"number","description":"Time in seconds at which the health-check will report failure.","description_kind":"markdown","computed":true},"type":{"type":"string","description":"The process type. Can be web or worker.","description_kind":"markdown","computed":true}},"nesting_mode":"set"},"description":"List of configurations for individual process types.","description_kind":"markdown","computed":true},"readiness_health_check_http_endpoint":{"type":"string","description":"The endpoint for the http readiness health check type.","description_kind":"markdown","computed":true},"readiness_health_check_interval":{"type":"number","description":"The interval in seconds between readiness health checks.","description_kind":"markdown","computed":true},"readiness_health_check_invocation_timeout":{"type":"number","description":"The timeout in seconds for the readiness health check requests for http and port health checks.","description_kind":"markdown","computed":true},"readiness_health_check_type":{"type":"string","description":"The readiness health check type which can be one of 'port', 'process', 'http'.","description_kind":"markdown","computed":true},"routes":{"nested_type":{"attributes":{"protocol":{"type":"string","description":"The protocol used for the route. Valid values are http2, http1, and tcp.","description_kind":"markdown","computed":true},"route":{"type":"string","description":"The fully qualified domain name which will be bound to app","description_kind":"markdown","computed":true}},"nesting_mode":"set"},"description":"The routes to map to the application to control its ingress traffic.","description_kind":"markdown","computed":true},"service_bindings":{"nested_type":{"attributes":{"params":{"type":"string","description":"A json object to represent the parameters for the service instance.","description_kind":"markdown","computed":true},"service_instance":{"type":"string","description":"The service instance name.","description_kind":"markdown","computed":true}},"nesting_mode":"set"},"description":"Service instances bound to the application.","description_kind":"markdown","computed":true},"sidecars":{"nested_type":{"attributes":{"command":{"type":"string","description":"The command used to start the sidecar.","description_kind":"markdown","computed":true},"memory":{"type":"string","description":"The memory limit for the sidecar.","description_kind":"markdown","computed":true},"name":{"type":"string","description":"Sidecar name. The identifier for the sidecars to be configured.","description_kind":"markdown","computed":true},"process_types":{"type":["set","string"],"description":"List of processes to associate sidecar with.","description_kind":"markdown","computed":true}},"nesting_mode":"set"},"description":"The attribute specifies additional processes to run in the same container as your app","description_kind":"markdown","computed":true},"space_name":{"type":"string","description":"The name of the space to look up","description_kind":"markdown","computed":true},"stack":{"type":"string","description":"The name of the stack the application will be deployed to.","description_kind":"markdown","computed":true},"timeout":{"type":"number","description":"Time in seconds at which the health-check will report failure.","description_kind":"markdown","computed":true},"updated_at":{"type":"string","description":"The date and time when the resource was updated in [RFC3339](https://www.ietf.org/rfc/rfc3339.txt) format.","description_kind":"markdown","computed":true}},"nesting_mode":"list"},"description":"The list of apps","description_kind":"markdown","computed":true},"name":{"type":"string","description":"The name of the application to filter by","description_kind":"markdown","optional":true},"org":{"type":"string","description":"The GUID of the org where the applications are present","description_kind":"markdown","optional":true},"space":{"type":"string","description":"The GUID of the space where the applications are present","description_kind":"markdown","optional":true}},"description":"Fetches information on Cloud Foundry applications present in a space.","description_kind":"markdown"}},"cloudfoundry_buildpacks":{"version":0,"block":{"attributes":{"buildpacks":{"nested_type":{"attributes":{"annotations":{"type":["map","string"],"description":"The annotations associated with Cloud Foundry resources. Add as described [here](https://docs.cloudfoundry.org/adminguide/metadata.html#-view-metadata-for-an-object).","description_kind":"markdown","optional":true},"created_at":{"type":"string","description":"The date and time when the resource was created in [RFC3339](https://www.ietf.org/rfc/rfc3339.txt) format.","description_kind":"markdown","computed":true},"enabled":{"type":"bool","description":"Whether or not the buildpack can be used for staging","description_kind":"markdown","optional":true,"computed":true},"filename":{"type":"string","description":"The filename of the buildpack","description_kind":"markdown","computed":true},"id":{"type":"string","description":"The GUID of the object.","description_kind":"markdown","computed":true},"labels":{"type":["map","string"],"description":"The labels associated with Cloud Foundry resources. Add as described [here](https://docs.cloudfoundry.org/adminguide/metadata.html#-view-metadata-for-an-object).","description_kind":"markdown","optional":true},"locked":{"type":"bool","description":"Whether or not the buildpack is locked to prevent updating the bits","description_kind":"markdown","optional":true,"computed":true},"name":{"type":"string","description":"Name of the buildpack","description_kind":"markdown","required":true},"position":{"type":"number","description":"The order in which the buildpacks are checked during buildpack auto-detection","description_kind":"markdown","optional":true,"computed":true},"stack":{"type":"string","description":"The name of the stack that the buildpack will use","description_kind":"markdown","optional":true},"state":{"type":"string","description":"The state of the buildpack","description_kind":"markdown","computed":true},"updated_at":{"type":"string","description":"The date and time when the resource was updated in [RFC3339](https://www.ietf.org/rfc/rfc3339.txt) format.","description_kind":"markdown","computed":true}},"nesting_mode":"list"},"description":"The list of buildpacks","description_kind":"markdown","computed":true},"name":{"type":"string","description":"Name of the buildpack to filter by","description_kind":"markdown","optional":true},"stack":{"type":"string","description":"The name of the stack to filter by","description_kind":"markdown","optional":true}},"description":"Gets information of Cloud Foundry buildpacks present.","description_kind":"markdown"}},"cloudfoundry_domain":{"version":0,"block":{"attributes":{"annotations":{"type":["map","string"],"description":"The annotations associated with Cloud Foundry resources.","description_kind":"markdown","computed":true},"created_at":{"type":"string","description":"The date and time when the resource was created in [RFC3339](https://www.ietf.org/rfc/rfc3339.txt) format.","description_kind":"markdown","computed":true},"id":{"type":"string","description":"The GUID of the object.","description_kind":"markdown","computed":true},"internal":{"type":"bool","description":"Whether the domain is used for internal (container-to-container) traffic, or external (user-to-container) traffic","description_kind":"markdown","computed":true},"labels":{"type":["map","string"],"description":"The labels associated with Cloud Foundry resources.","description_kind":"markdown","computed":true},"name":{"type":"string","description":"The name of the cloud foundry domain","description_kind":"markdown","required":true},"org":{"type":"string","description":"The organization the domain is scoped to","description_kind":"markdown","computed":true},"router_group":{"type":"string","description":"The guid of the desired router group to route tcp traffic through.","description_kind":"markdown","computed":true},"shared_orgs":{"type":["set","string"],"description":"Organizations the domain is shared with","description_kind":"markdown","computed":true},"supported_protocols":{"type":["set","string"],"description":"Available protocols for routes using the domain, currently http and tcp","description_kind":"markdown","computed":true},"updated_at":{"type":"string","description":"The date and time when the resource was updated in [RFC3339](https://www.ietf.org/rfc/rfc3339.txt) format.","description_kind":"markdown","computed":true}},"description":"Gets information on a Cloud Foundry domain.","description_kind":"markdown"}},"cloudfoundry_domains":{"version":0,"block":{"attributes":{"domains":{"nested_type":{"attributes":{"annotations":{"type":["map","string"],"description":"The annotations associated with Cloud Foundry resources.","description_kind":"markdown","computed":true},"created_at":{"type":"string","description":"The date and time when the resource was created in [RFC3339](https://www.ietf.org/rfc/rfc3339.txt) format.","description_kind":"markdown","computed":true},"id":{"type":"string","description":"The GUID of the object.","description_kind":"markdown","computed":true},"internal":{"type":"bool","description":"Whether the domain is used for internal (container-to-container) traffic, or external (user-to-container) traffic","description_kind":"markdown","computed":true},"labels":{"type":["map","string"],"description":"The labels associated with Cloud Foundry resources.","description_kind":"markdown","computed":true},"name":{"type":"string","description":"The name of the cloud foundry domain.","description_kind":"markdown","computed":true},"org":{"type":"string","description":"The organization the domain is scoped to","description_kind":"markdown","computed":true},"router_group":{"type":"string","description":"The guid of the desired router group to route tcp traffic through.","description_kind":"markdown","computed":true},"shared_orgs":{"type":["set","string"],"description":"Organizations the domain is shared with","description_kind":"markdown","computed":true},"supported_protocols":{"type":["set","string"],"description":"Available protocols for routes using the domain, currently http and tcp","description_kind":"markdown","computed":true},"updated_at":{"type":"string","description":"The date and time when the resource was updated in [RFC3339](https://www.ietf.org/rfc/rfc3339.txt) format.","description_kind":"markdown","computed":true}},"nesting_mode":"list"},"description":"The domains the organization is scoped to","description_kind":"markdown","computed":true},"org":{"type":"string","description":"The ID of the Org within which to find the domains","description_kind":"markdown","optional":true}},"description":"Gets information of Cloud Foundry domains. If an organization is specified, it will return the private domains associated with that cloud foundry organization.","description_kind":"markdown"}},"cloudfoundry_isolation_segment":{"version":0,"block":{"attributes":{"annotations":{"type":["map","string"],"description":"The annotations associated with Cloud Foundry resources.","description_kind":"markdown","computed":true},"created_at":{"type":"string","description":"The date and time when the resource was created in [RFC3339](https://www.ietf.org/rfc/rfc3339.txt) format.","description_kind":"markdown","computed":true},"id":{"type":"string","description":"The GUID of the object.","description_kind":"markdown","computed":true},"labels":{"type":["map","string"],"description":"The labels associated with Cloud Foundry resources.","description_kind":"markdown","computed":true},"name":{"type":"string","description":"Name of the isolation segment","description_kind":"markdown","required":true},"updated_at":{"type":"string","description":"The date and time when the resource was updated in [RFC3339](https://www.ietf.org/rfc/rfc3339.txt) format.","description_kind":"markdown","computed":true}},"description":"Gets information on a Cloud Foundry Isolation Segment.","description_kind":"markdown"}},"cloudfoundry_isolation_segment_entitlement":{"version":0,"block":{"attributes":{"orgs":{"type":["set","string"],"description":"GUID's of organizations the segment is entitled with.","description_kind":"markdown","computed":true},"segment":{"type":"string","description":"GUID of the isolation segment","description_kind":"markdown","required":true}},"description":"Fetches organizations entitled with a Cloud Foundry Isolation Segment.","description_kind":"markdown"}},"cloudfoundry_isolation_segments":{"version":0,"block":{"attributes":{"isolation_segments":{"nested_type":{"attributes":{"annotations":{"type":["map","string"],"description":"The annotations associated with Cloud Foundry resources.","description_kind":"markdown","computed":true},"created_at":{"type":"string","description":"The date and time when the resource was created in [RFC3339](https://www.ietf.org/rfc/rfc3339.txt) format.","description_kind":"markdown","computed":true},"id":{"type":"string","description":"The GUID of the object.","description_kind":"markdown","computed":true},"labels":{"type":["map","string"],"description":"The labels associated with Cloud Foundry resources.","description_kind":"markdown","computed":true},"name":{"type":"string","description":"Name of the isolation segment","description_kind":"markdown","computed":true},"updated_at":{"type":"string","description":"The date and time when the resource was updated in [RFC3339](https://www.ietf.org/rfc/rfc3339.txt) format.","description_kind":"markdown","computed":true}},"nesting_mode":"list"},"description":"List of the isolation segments","description_kind":"markdown","computed":true},"name":{"type":"string","description":"Name of the isolation segment to filter by","description_kind":"markdown","optional":true}},"description":"Gets information on Cloud Foundry Isolation Segments present.","description_kind":"markdown"}},"cloudfoundry_mta":{"version":0,"block":{"attributes":{"deploy_url":{"type":"string","description":"The URL of the deploy service, if a custom one has been used(should be present in the same landscape). By default 'deploy-service.\u003csystem-domain\u003e'","description_kind":"markdown","optional":true},"id":{"type":"string","description":"The MTA ID to search for","description_kind":"markdown","required":true},"mta":{"nested_type":{"attributes":{"metadata":{"nested_type":{"attributes":{"id":{"type":"string","description_kind":"plain","computed":true},"namespace":{"type":"string","description_kind":"plain","computed":true},"version":{"type":"string","description_kind":"plain","computed":true}},"nesting_mode":"single"},"description":"an identifier, version and namespace that uniquely identify the MTA","description_kind":"markdown","computed":true},"modules":{"nested_type":{"attributes":{"app_name":{"type":"string","description_kind":"plain","computed":true},"created_on":{"type":"string","description_kind":"plain","computed":true},"module_name":{"type":"string","description_kind":"plain","computed":true},"provided_dendency_names":{"type":["list","string"],"description_kind":"plain","computed":true},"services":{"type":["list","string"],"description_kind":"plain","computed":true},"updated_on":{"type":"string","description_kind":"plain","computed":true},"uris":{"type":["list","string"],"description_kind":"plain","computed":true}},"nesting_mode":"list"},"description":"the deployable parts contained in the MTA deployment archive, most commonly Cloud Foundry applications or content","description_kind":"markdown","computed":true},"services":{"type":["list","string"],"description_kind":"plain","computed":true}},"nesting_mode":"single"},"description":"contains the details of the MTA object","description_kind":"markdown","computed":true},"namespace":{"type":"string","description":"The namespace of the MTA to filter by","description_kind":"markdown","optional":true},"space":{"type":"string","description":"The GUID of the space where the MTA's are deployed","description_kind":"markdown","required":true}},"description":"Gets information on a Multi Target Application present in a space.\n\t\t\n__Further documentation:__ \n [Multitarget Applications in the Cloud Foundry Environment](https://help.sap.com/docs/btp/sap-business-technology-platform/multitarget-applications-in-cloud-foundry-environment)\n ","description_kind":"markdown"}},"cloudfoundry_mtas":{"version":0,"block":{"attributes":{"deploy_url":{"type":"string","description":"The URL of the deploy service, if a custom one has been used(should be present in the same landscape). By default 'deploy-service.\u003csystem-domain\u003e'","description_kind":"markdown","optional":true},"id":{"type":"string","description":"The MTA ID to filter by","description_kind":"markdown","optional":true},"mtas":{"nested_type":{"attributes":{"metadata":{"nested_type":{"attributes":{"id":{"type":"string","description_kind":"plain","computed":true},"namespace":{"type":"string","description_kind":"plain","computed":true},"version":{"type":"string","description_kind":"plain","computed":true}},"nesting_mode":"single"},"description":"an identifier, version and namespace that uniquely identify the MTA","description_kind":"markdown","computed":true},"modules":{"nested_type":{"attributes":{"app_name":{"type":"string","description_kind":"plain","computed":true},"created_on":{"type":"string","description_kind":"plain","computed":true},"module_name":{"type":"string","description_kind":"plain","computed":true},"provided_dendency_names":{"type":["list","string"],"description_kind":"plain","computed":true},"services":{"type":["list","string"],"description_kind":"plain","computed":true},"updated_on":{"type":"string","description_kind":"plain","computed":true},"uris":{"type":["list","string"],"description_kind":"plain","computed":true}},"nesting_mode":"list"},"description":"the deployable parts contained in the MTA deployment archive, most commonly Cloud Foundry applications or content","description_kind":"markdown","computed":true},"services":{"type":["list","string"],"description_kind":"plain","computed":true}},"nesting_mode":"list"},"description":"The list of MTA's","description_kind":"markdown","computed":true},"namespace":{"type":"string","description":"The namespace of the MTA to filter by","description_kind":"markdown","optional":true},"space":{"type":"string","description":"The GUID of the space where the MTA's are deployed","description_kind":"markdown","required":true}},"description":"Gets information on Multi Target Applications present in a space.\n\t\t\n\t\t\n__Further documentation:__ \n [Multitarget Applications in the Cloud Foundry Environment](https://help.sap.com/docs/btp/sap-business-technology-platform/multitarget-applications-in-cloud-foundry-environment)\n ","description_kind":"markdown"}},"cloudfoundry_org":{"version":0,"block":{"attributes":{"annotations":{"type":["map","string"],"description":"The annotations associated with Cloud Foundry resources.","description_kind":"markdown","computed":true},"created_at":{"type":"string","description":"The date and time when the resource was created in [RFC3339](https://www.ietf.org/rfc/rfc3339.txt) format.","description_kind":"markdown","computed":true},"id":{"type":"string","description":"The GUID of the object.","description_kind":"markdown","computed":true},"labels":{"type":["map","string"],"description":"The labels associated with Cloud Foundry resources.","description_kind":"markdown","computed":true},"name":{"type":"string","description":"The name of the organization to look up","description_kind":"markdown","required":true},"quota":{"type":"string","description":"The ID of quota to be applied to this Org. Default quota is assigned to the org by default.","description_kind":"markdown","computed":true},"suspended":{"type":"bool","description":"Whether an organization is suspended or not","description_kind":"markdown","computed":true},"updated_at":{"type":"string","description":"The date and time when the resource was updated in [RFC3339](https://www.ietf.org/rfc/rfc3339.txt) format.","description_kind":"markdown","computed":true}},"description":"Gets information on a Cloud Foundry organization.","description_kind":"markdown"}},"cloudfoundry_org_quota":{"version":0,"block":{"attributes":{"allow_paid_service_plans":{"type":"bool","description":"Determines whether users can provision instances of non-free service plans. Does not control plan visibility. When false, non-free service plans may be visible in the marketplace but instances can not be provisioned.","description_kind":"markdown","computed":true},"created_at":{"type":"string","description":"The date and time when the resource was created in [RFC3339](https://www.ietf.org/rfc/rfc3339.txt) format.","description_kind":"markdown","computed":true},"id":{"type":"string","description":"The GUID of the object.","description_kind":"markdown","computed":true},"instance_memory":{"type":"number","description":"Maximum memory per application instance","description_kind":"markdown","computed":true},"name":{"type":"string","description":"The name of the organization quota to look up","description_kind":"markdown","required":true},"orgs":{"type":["set","string"],"description":"Set of Org GUIDs to which this org quota would be assigned.","description_kind":"markdown","computed":true},"total_app_instances":{"type":"number","description":"Maximum app instances allowed","description_kind":"markdown","computed":true},"total_app_log_rate_limit":{"type":"number","description":"Maximum log rate allowed for all the started processes and running tasks in bytes/second.","description_kind":"markdown","computed":true},"total_app_tasks":{"type":"number","description":"Maximum tasks allowed per app","description_kind":"markdown","computed":true},"total_memory":{"type":"number","description":"Maximum memory usage allowed","description_kind":"markdown","computed":true},"total_private_domains":{"type":"number","description":"Maximum number of private domains allowed to be created within the Org","description_kind":"markdown","computed":true},"total_route_ports":{"type":"number","description":"Maximum routes with reserved ports","description_kind":"markdown","computed":true},"total_routes":{"type":"number","description":"Maximum routes allowed","description_kind":"markdown","computed":true},"total_service_keys":{"type":"number","description":"Maximum service keys allowed","description_kind":"markdown","computed":true},"total_services":{"type":"number","description":"Maximum services allowed","description_kind":"markdown","computed":true},"updated_at":{"type":"string","description":"The date and time when the resource was updated in [RFC3339](https://www.ietf.org/rfc/rfc3339.txt) format.","description_kind":"markdown","computed":true}},"description":"Gets information on a Cloud Foundry organization quota.","description_kind":"markdown"}},"cloudfoundry_org_quotas":{"version":0,"block":{"attributes":{"org":{"type":"string","description":"The ID of the Org within which to find the org quotas","description_kind":"markdown","required":true},"org_quotas":{"nested_type":{"attributes":{"allow_paid_service_plans":{"type":"bool","description":"Determines whether users can provision instances of non-free service plans. Does not control plan visibility. When false, non-free service plans may be visible in the marketplace but instances can not be provisioned.","description_kind":"markdown","computed":true},"created_at":{"type":"string","description":"The date and time when the resource was created in [RFC3339](https://www.ietf.org/rfc/rfc3339.txt) format.","description_kind":"markdown","computed":true},"id":{"type":"string","description":"The GUID of the object.","description_kind":"markdown","computed":true},"instance_memory":{"type":"number","description":"Maximum memory per application instance","description_kind":"markdown","computed":true},"name":{"type":"string","description":"The name of the organization quota","description_kind":"markdown","computed":true},"orgs":{"type":["set","string"],"description":"Set of Org GUIDs to which this org quota would be assigned.","description_kind":"markdown","computed":true},"total_app_instances":{"type":"number","description":"Maximum app instances allowed","description_kind":"markdown","computed":true},"total_app_log_rate_limit":{"type":"number","description":"Maximum log rate allowed for all the started processes and running tasks in bytes/second.","description_kind":"markdown","computed":true},"total_app_tasks":{"type":"number","description":"Maximum tasks allowed per app","description_kind":"markdown","computed":true},"total_memory":{"type":"number","description":"Maximum memory usage allowed","description_kind":"markdown","computed":true},"total_private_domains":{"type":"number","description":"Maximum number of private domains allowed to be created within the Org","description_kind":"markdown","computed":true},"total_route_ports":{"type":"number","description":"Maximum routes with reserved ports","description_kind":"markdown","computed":true},"total_routes":{"type":"number","description":"Maximum routes allowed","description_kind":"markdown","computed":true},"total_service_keys":{"type":"number","description":"Maximum service keys allowed","description_kind":"markdown","computed":true},"total_services":{"type":"number","description":"Maximum services allowed","description_kind":"markdown","computed":true},"updated_at":{"type":"string","description":"The date and time when the resource was updated in [RFC3339](https://www.ietf.org/rfc/rfc3339.txt) format.","description_kind":"markdown","computed":true}},"nesting_mode":"list"},"description":"The list of org quotas","description_kind":"markdown","computed":true}},"description":"Fetches org quotas present in a Cloud Foundry org","description_kind":"markdown"}},"cloudfoundry_org_role":{"version":0,"block":{"attributes":{"created_at":{"type":"string","description":"The date and time when the resource was created in [RFC3339](https://www.ietf.org/rfc/rfc3339.txt) format.","description_kind":"markdown","computed":true},"id":{"type":"string","description":"The guid for the role","description_kind":"markdown","required":true},"org":{"type":"string","description":"The guid of the organization the role is assigned to","description_kind":"markdown","computed":true},"type":{"type":"string","description":"Role type; see [Valid role types](https://v3-apidocs.cloudfoundry.org/version/3.154.0/index.html#valid-role-types)","description_kind":"markdown","computed":true},"updated_at":{"type":"string","description":"The date and time when the resource was updated in [RFC3339](https://www.ietf.org/rfc/rfc3339.txt) format.","description_kind":"markdown","computed":true},"user":{"type":"string","description":"The guid of the cloudfoundry user the role is assigned to","description_kind":"markdown","computed":true}},"description":"Gets information on a Cloud Foundry org role with a given role ID.","description_kind":"markdown"}},"cloudfoundry_org_roles":{"version":0,"block":{"attributes":{"org":{"type":"string","description":"The guid of the org the role is assigned to","description_kind":"markdown","required":true},"roles":{"nested_type":{"attributes":{"created_at":{"type":"string","description":"The date and time when the resource was created in [RFC3339](https://www.ietf.org/rfc/rfc3339.txt) format.","description_kind":"markdown","computed":true},"id":{"type":"string","description":"The guid for the role","description_kind":"markdown","computed":true},"org":{"type":"string","description":"The guid of the organization the role is assigned to","description_kind":"markdown","computed":true},"type":{"type":"string","description":"role type","description_kind":"markdown","computed":true},"updated_at":{"type":"string","description":"The date and time when the resource was updated in [RFC3339](https://www.ietf.org/rfc/rfc3339.txt) format.","description_kind":"markdown","computed":true},"user":{"type":"string","description":"The guid of the cloudfoundry user the role is assigned to","description_kind":"markdown","computed":true}},"nesting_mode":"list"},"description":"The list of org roles","description_kind":"markdown","computed":true},"type":{"type":"string","description":"Valid org role type to filter for; see [Valid role types](https://v3-apidocs.cloudfoundry.org/version/3.154.0/index.html#valid-role-types)","description_kind":"markdown","optional":true},"user":{"type":"string","description":"The guid of the cloudfoundry user the role is assigned to for filtering","description_kind":"markdown","optional":true}},"description":"Gets information on Cloud Foundry roles within an Organization.","description_kind":"markdown"}},"cloudfoundry_orgs":{"version":0,"block":{"attributes":{"name":{"type":"string","description":"The name of the organization to look up","description_kind":"markdown","optional":true},"orgs":{"nested_type":{"attributes":{"annotations":{"type":["map","string"],"description":"The annotations associated with Cloud Foundry resources.","description_kind":"markdown","computed":true},"created_at":{"type":"string","description":"The date and time when the resource was created in [RFC3339](https://www.ietf.org/rfc/rfc3339.txt) format.","description_kind":"markdown","computed":true},"id":{"type":"string","description":"The GUID of the object.","description_kind":"markdown","computed":true},"labels":{"type":["map","string"],"description":"The labels associated with Cloud Foundry resources.","description_kind":"markdown","computed":true},"name":{"type":"string","description":"name of the organization","description_kind":"markdown","computed":true},"quota":{"type":"string","description":"The ID of quota to be applied to this Org. Default quota is assigned to the org by default.","description_kind":"markdown","computed":true},"suspended":{"type":"bool","description":"Whether an organization is suspended or not","description_kind":"markdown","computed":true},"updated_at":{"type":"string","description":"The date and time when the resource was updated in [RFC3339](https://www.ietf.org/rfc/rfc3339.txt) format.","description_kind":"markdown","computed":true}},"nesting_mode":"list"},"description":"The organizations available","description_kind":"markdown","computed":true}},"description":"Retrieve all organizations the user has access to.","description_kind":"markdown"}},"cloudfoundry_remote_mtar_hash":{"version":0,"block":{"attributes":{"id":{"type":"string","description":"The SHA sum of the file","description_kind":"markdown","computed":true},"url":{"type":"string","description":"The URL where the file is hosted","description_kind":"markdown","required":true}},"description":"Gets the SHA-256 sum of a MTAR file hosted on a remote URL.","description_kind":"markdown"}},"cloudfoundry_route":{"version":0,"block":{"attributes":{"domain":{"type":"string","description":"The domain guid associated to the route.","description_kind":"markdown","required":true},"host":{"type":"string","description":"The hostname associated to the route to lookup.","description_kind":"markdown","optional":true},"org":{"type":"string","description":"The org guid associated to the route to lookup.","description_kind":"markdown","optional":true},"path":{"type":"string","description":"The path associated to the route to lookup.","description_kind":"markdown","optional":true},"port":{"type":"number","description":"The port associated to the route to lookup.","description_kind":"markdown","optional":true},"routes":{"nested_type":{"attributes":{"annotations":{"type":["map","string"],"description":"The annotations associated with Cloud Foundry resources.","description_kind":"markdown","computed":true},"created_at":{"type":"string","description":"The date and time when the resource was created in [RFC3339](https://www.ietf.org/rfc/rfc3339.txt) format.","description_kind":"markdown","computed":true},"destinations":{"nested_type":{"attributes":{"app_id":{"type":"string","description":"The GUID of the app to route traffic to.","description_kind":"markdown","computed":true},"app_process_type":{"type":"string","description":"Type of the process belonging to the app to route traffic to.","description_kind":"markdown","computed":true},"id":{"type":"string","description":"The GUID of the object.","description_kind":"markdown","computed":true},"port":{"type":"number","description":"Port on the destination process to route traffic to.","description_kind":"markdown","computed":true},"protocol":{"type":"string","description":"Protocol to use for this destination.","description_kind":"markdown","computed":true},"weight":{"type":"number","description":"Percentage of traffic which will be routed to this destination.","description_kind":"markdown","computed":true}},"nesting_mode":"set"},"description":"A destination represents the relationship between a route and a resource that can serve traffic.","description_kind":"markdown","computed":true},"domain":{"type":"string","description":"The domain guid associated to the route.","description_kind":"markdown","computed":true},"host":{"type":"string","description":"The hostname associated to the route to lookup.","description_kind":"markdown","computed":true},"id":{"type":"string","description":"The GUID of the object.","description_kind":"markdown","computed":true},"labels":{"type":["map","string"],"description":"The labels associated with Cloud Foundry resources.","description_kind":"markdown","computed":true},"path":{"type":"string","description":"The path associated to the route to lookup.","description_kind":"markdown","computed":true},"port":{"type":"number","description":"The port associated to the route to lookup.","description_kind":"markdown","computed":true},"protocol":{"type":"string","description":"The protocol supported by the route, based on the route's domain configuration.","description_kind":"markdown","computed":true},"space":{"type":"string","description":"The space guid associated to the route.","description_kind":"markdown","computed":true},"updated_at":{"type":"string","description":"The date and time when the resource was updated in [RFC3339](https://www.ietf.org/rfc/rfc3339.txt) format.","description_kind":"markdown","computed":true},"url":{"type":"string","description":"The URL for the route.","description_kind":"markdown","computed":true}},"nesting_mode":"list"},"description":"The list of routes.","description_kind":"markdown","computed":true},"space":{"type":"string","description":"The space guid associated to the route.","description_kind":"markdown","optional":true}},"description":"Gets information on a Cloud Foundry route.","description_kind":"markdown"}},"cloudfoundry_routes":{"version":0,"block":{"attributes":{"domain":{"type":"string","description":"The domain guid associated to the route.","description_kind":"markdown","optional":true},"host":{"type":"string","description":"The hostname associated to the route to lookup.","description_kind":"markdown","optional":true},"org":{"type":"string","description":"The org guid associated to the route to lookup.","description_kind":"markdown","optional":true},"path":{"type":"string","description":"The path associated to the route to lookup.","description_kind":"markdown","optional":true},"port":{"type":"number","description":"The port associated to the route to lookup.","description_kind":"markdown","optional":true},"routes":{"nested_type":{"attributes":{"annotations":{"type":["map","string"],"description":"The annotations associated with Cloud Foundry resources.","description_kind":"markdown","computed":true},"created_at":{"type":"string","description":"The date and time when the resource was created in [RFC3339](https://www.ietf.org/rfc/rfc3339.txt) format.","description_kind":"markdown","computed":true},"destinations":{"nested_type":{"attributes":{"app_id":{"type":"string","description":"The GUID of the app to route traffic to.","description_kind":"markdown","computed":true},"app_process_type":{"type":"string","description":"Type of the process belonging to the app to route traffic to.","description_kind":"markdown","computed":true},"id":{"type":"string","description":"The GUID of the object.","description_kind":"markdown","computed":true},"port":{"type":"number","description":"Port on the destination process to route traffic to.","description_kind":"markdown","computed":true},"protocol":{"type":"string","description":"Protocol to use for this destination.","description_kind":"markdown","computed":true},"weight":{"type":"number","description":"Percentage of traffic which will be routed to this destination.","description_kind":"markdown","computed":true}},"nesting_mode":"set"},"description":"A destination represents the relationship between a route and a resource that can serve traffic.","description_kind":"markdown","computed":true},"domain":{"type":"string","description":"The domain guid associated to the route.","description_kind":"markdown","computed":true},"host":{"type":"string","description":"The hostname associated to the route to lookup.","description_kind":"markdown","computed":true},"id":{"type":"string","description":"The GUID of the object.","description_kind":"markdown","computed":true},"labels":{"type":["map","string"],"description":"The labels associated with Cloud Foundry resources.","description_kind":"markdown","computed":true},"path":{"type":"string","description":"The path associated to the route to lookup.","description_kind":"markdown","computed":true},"port":{"type":"number","description":"The port associated to the route to lookup.","description_kind":"markdown","computed":true},"protocol":{"type":"string","description":"The protocol supported by the route, based on the route's domain configuration.","description_kind":"markdown","computed":true},"space":{"type":"string","description":"The space guid associated to the route.","description_kind":"markdown","computed":true},"updated_at":{"type":"string","description":"The date and time when the resource was updated in [RFC3339](https://www.ietf.org/rfc/rfc3339.txt) format.","description_kind":"markdown","computed":true},"url":{"type":"string","description":"The URL for the route.","description_kind":"markdown","computed":true}},"nesting_mode":"list"},"description":"The list of routes.","description_kind":"markdown","computed":true},"space":{"type":"string","description":"The space guid associated to the route.","description_kind":"markdown","optional":true}},"description":"Gets information on a Cloud Foundry route.","description_kind":"markdown"}},"cloudfoundry_security_group":{"version":0,"block":{"attributes":{"created_at":{"type":"string","description":"The date and time when the resource was created in [RFC3339](https://www.ietf.org/rfc/rfc3339.txt) format.","description_kind":"markdown","computed":true},"globally_enabled_running":{"type":"bool","description":"Specifies whether the group should be applied globally to all running applications","description_kind":"markdown","computed":true},"globally_enabled_staging":{"type":"bool","description":"Specifies whether the group should be applied globally to all staging applications","description_kind":"markdown","computed":true},"id":{"type":"string","description":"The GUID of the object.","description_kind":"markdown","computed":true},"name":{"type":"string","description":"Name of the security group","description_kind":"markdown","required":true},"rules":{"nested_type":{"attributes":{"code":{"type":"number","description":"Code field of the ICMP type","description_kind":"markdown","computed":true},"description":{"type":"string","description":"A description for the rule","description_kind":"markdown","computed":true},"destination":{"type":"string","description":"Destinations that the rule applies to","description_kind":"markdown","computed":true},"log":{"type":"bool","description":"Whether logging for the rule is enabled","description_kind":"markdown","computed":true},"ports":{"type":"string","description":"Ports that the rule applies to","description_kind":"markdown","computed":true},"protocol":{"type":"string","description":"Protocol type","description_kind":"markdown","computed":true},"type":{"type":"number","description":"Type number for ICMP protocol","description_kind":"markdown","computed":true}},"nesting_mode":"list"},"description":"Rules that will be applied by this security group","description_kind":"markdown","computed":true},"running_spaces":{"type":["set","string"],"description":"The spaces where the security_group is applied to applications during runtime","description_kind":"markdown","computed":true},"staging_spaces":{"type":["set","string"],"description":"The spaces where the security_group is applied to applications during stagingo","description_kind":"markdown","computed":true},"updated_at":{"type":"string","description":"The date and time when the resource was updated in [RFC3339](https://www.ietf.org/rfc/rfc3339.txt) format.","description_kind":"markdown","computed":true}},"description":"Gets information on a Cloud Foundry application security group.","description_kind":"markdown"}},"cloudfoundry_security_groups":{"version":0,"block":{"attributes":{"name":{"type":"string","description":"Name of the security group to filter by","description_kind":"markdown","optional":true},"running_space":{"type":"string","description":"The GUID of the running space to filter by","description_kind":"markdown","optional":true},"security_groups":{"nested_type":{"attributes":{"created_at":{"type":"string","description":"The date and time when the resource was created in [RFC3339](https://www.ietf.org/rfc/rfc3339.txt) format.","description_kind":"markdown","computed":true},"globally_enabled_running":{"type":"bool","description":"Specifies whether the group should be applied globally to all running applications","description_kind":"markdown","computed":true},"globally_enabled_staging":{"type":"bool","description":"Specifies whether the group should be applied globally to all staging applications","description_kind":"markdown","computed":true},"id":{"type":"string","description":"The GUID of the object.","description_kind":"markdown","computed":true},"name":{"type":"string","description":"Name of the security group","description_kind":"markdown","computed":true},"rules":{"nested_type":{"attributes":{"code":{"type":"number","description":"Code field of the ICMP type","description_kind":"markdown","computed":true},"description":{"type":"string","description":"A description for the rule","description_kind":"markdown","computed":true},"destination":{"type":"string","description":"Destinations that the rule applies to","description_kind":"markdown","computed":true},"log":{"type":"bool","description":"Whether logging for the rule is enabled","description_kind":"markdown","computed":true},"ports":{"type":"string","description":"Ports that the rule applies to","description_kind":"markdown","computed":true},"protocol":{"type":"string","description":"Protocol type","description_kind":"markdown","computed":true},"type":{"type":"number","description":"Type number for ICMP protocol","description_kind":"markdown","computed":true}},"nesting_mode":"list"},"description":"Rules that will be applied by this security group","description_kind":"markdown","computed":true},"running_spaces":{"type":["set","string"],"description":"The spaces where the security_group is applied to applications during runtime","description_kind":"markdown","computed":true},"staging_spaces":{"type":["set","string"],"description":"The spaces where the security_group is applied to applications during stagingo","description_kind":"markdown","computed":true},"updated_at":{"type":"string","description":"The date and time when the resource was updated in [RFC3339](https://www.ietf.org/rfc/rfc3339.txt) format.","description_kind":"markdown","computed":true}},"nesting_mode":"list"},"description":"List of security groups","description_kind":"markdown","computed":true},"staging_space":{"type":"string","description":"The GUID of the staging space to filter by","description_kind":"markdown","optional":true}},"description":"Gets information on Cloud Foundry application security groups.","description_kind":"markdown"}},"cloudfoundry_service_broker":{"version":0,"block":{"attributes":{"annotations":{"type":["map","string"],"description":"The annotations associated with Cloud Foundry resources. Add as described [here](https://docs.cloudfoundry.org/adminguide/metadata.html#-view-metadata-for-an-object).","description_kind":"markdown","optional":true},"created_at":{"type":"string","description":"The date and time when the resource was created in [RFC3339](https://www.ietf.org/rfc/rfc3339.txt) format.","description_kind":"markdown","computed":true},"id":{"type":"string","description":"The GUID of the object.","description_kind":"markdown","computed":true},"labels":{"type":["map","string"],"description":"The labels associated with Cloud Foundry resources. Add as described [here](https://docs.cloudfoundry.org/adminguide/metadata.html#-view-metadata-for-an-object).","description_kind":"markdown","optional":true},"name":{"type":"string","description":"Name of the service broker","description_kind":"markdown","required":true},"space":{"type":"string","description":"The GUID of the space the service broker is restricted to; omitted for globally available service brokers","description_kind":"markdown","computed":true},"updated_at":{"type":"string","description":"The date and time when the resource was updated in [RFC3339](https://www.ietf.org/rfc/rfc3339.txt) format.","description_kind":"markdown","computed":true},"url":{"type":"string","description":"URL of the service broker","description_kind":"markdown","computed":true}},"description":"Gets information of a Service broker.","description_kind":"markdown"}},"cloudfoundry_service_brokers":{"version":0,"block":{"attributes":{"name":{"type":"string","description":"Name of the service broker to filter by","description_kind":"markdown","optional":true},"service_brokers":{"nested_type":{"attributes":{"annotations":{"type":["map","string"],"description":"The annotations associated with Cloud Foundry resources. Add as described [here](https://docs.cloudfoundry.org/adminguide/metadata.html#-view-metadata-for-an-object).","description_kind":"markdown","optional":true},"created_at":{"type":"string","description":"The date and time when the resource was created in [RFC3339](https://www.ietf.org/rfc/rfc3339.txt) format.","description_kind":"markdown","computed":true},"id":{"type":"string","description":"The GUID of the object.","description_kind":"markdown","computed":true},"labels":{"type":["map","string"],"description":"The labels associated with Cloud Foundry resources. Add as described [here](https://docs.cloudfoundry.org/adminguide/metadata.html#-view-metadata-for-an-object).","description_kind":"markdown","optional":true},"name":{"type":"string","description":"Name of the service broker","description_kind":"markdown","required":true},"space":{"type":"string","description":"The GUID of the space the service broker is restricted to; omitted for globally available service brokers","description_kind":"markdown","computed":true},"updated_at":{"type":"string","description":"The date and time when the resource was updated in [RFC3339](https://www.ietf.org/rfc/rfc3339.txt) format.","description_kind":"markdown","computed":true},"url":{"type":"string","description":"URL of the service broker","description_kind":"markdown","computed":true}},"nesting_mode":"list"},"description":"List of service brokers","description_kind":"markdown","computed":true},"space":{"type":"string","description":"GUID of the space to filter by","description_kind":"markdown","optional":true}},"description":"Gets information of Service brokers user has access to.","description_kind":"markdown"}},"cloudfoundry_service_credential_binding":{"version":0,"block":{"attributes":{"app":{"type":"string","description":"The GUID of the app which is bound to be query for","description_kind":"markdown","optional":true},"credential_bindings":{"nested_type":{"attributes":{"annotations":{"type":["map","string"],"description":"The annotations associated with Cloud Foundry resources.","description_kind":"markdown","computed":true},"app":{"type":"string","description":"The GUID of the app which is bound","description_kind":"markdown","computed":true},"created_at":{"type":"string","description":"The date and time when the resource was created in [RFC3339](https://www.ietf.org/rfc/rfc3339.txt) format.","description_kind":"markdown","computed":true},"credential_binding":{"type":"string","description":"The service credential binding details.","description_kind":"markdown","computed":true,"sensitive":true},"id":{"type":"string","description":"The GUID of the object.","description_kind":"markdown","computed":true},"labels":{"type":["map","string"],"description":"The labels associated with Cloud Foundry resources.","description_kind":"markdown","computed":true},"last_operation":{"nested_type":{"attributes":{"created_at":{"type":"string","description":"The time at which the last operation was created","description_kind":"markdown","computed":true},"description":{"type":"string","description":"A description of the last operation","description_kind":"markdown","computed":true},"state":{"type":"string","description":"The state of the last operation","description_kind":"markdown","computed":true},"type":{"type":"string","description":"The type of the last operation","description_kind":"markdown","computed":true},"updated_at":{"type":"string","description":"The time at which the last operation was updated","description_kind":"markdown","computed":true}},"nesting_mode":"single"},"description":"The details of the last operation performed on the resource","description_kind":"markdown","computed":true},"name":{"type":"string","description":"Name of the service credential binding","description_kind":"markdown","computed":true},"service_instance":{"type":"string","description":"The GUID of the service instance","description_kind":"markdown","computed":true},"type":{"type":"string","description":"Type of the service credential binding","description_kind":"markdown","computed":true},"updated_at":{"type":"string","description":"The date and time when the resource was updated in [RFC3339](https://www.ietf.org/rfc/rfc3339.txt) format.","description_kind":"markdown","computed":true}},"nesting_mode":"list"},"description":"The list of credential bindings for the given service instance.","description_kind":"markdown","computed":true},"name":{"type":"string","description":"Name of the service credential binding to query for","description_kind":"markdown","optional":true},"service_instance":{"type":"string","description":"The GUID of the service instance","description_kind":"markdown","required":true}},"description":"Gets information on Service Credential Bindings for a given service instance.","description_kind":"markdown"}},"cloudfoundry_service_instance":{"version":0,"block":{"attributes":{"annotations":{"type":["map","string"],"description":"The annotations associated with Cloud Foundry resources.","description_kind":"markdown","computed":true},"created_at":{"type":"string","description":"The date and time when the resource was created in [RFC3339](https://www.ietf.org/rfc/rfc3339.txt) format.","description_kind":"markdown","computed":true},"dashboard_url":{"type":"string","description":"The URL to the service instance dashboard (or null if there is none); only shown when type is managed.","description_kind":"markdown","computed":true},"id":{"type":"string","description":"The GUID of the object.","description_kind":"markdown","computed":true},"labels":{"type":["map","string"],"description":"The labels associated with Cloud Foundry resources.","description_kind":"markdown","computed":true},"last_operation":{"nested_type":{"attributes":{"created_at":{"type":"string","description":"The time at which the last operation was created","description_kind":"markdown","computed":true},"description":{"type":"string","description":"A description of the last operation","description_kind":"markdown","computed":true},"state":{"type":"string","description":"The state of the last operation","description_kind":"markdown","computed":true},"type":{"type":"string","description":"The type of the last operation","description_kind":"markdown","computed":true},"updated_at":{"type":"string","description":"The time at which the last operation was updated","description_kind":"markdown","computed":true}},"nesting_mode":"single"},"description":"The details of the last operation performed on the resource","description_kind":"markdown","computed":true},"maintenance_info":{"nested_type":{"attributes":{"description":{"type":"string","description":"A description of the version of the service instance","description_kind":"markdown","computed":true},"version":{"type":"string","description":"The version of the service instance","description_kind":"markdown","computed":true}},"nesting_mode":"single"},"description":"Information about the version of this service instance; only shown when type is managed","description_kind":"markdown","computed":true},"name":{"type":"string","description":"The name of the service instance to look up","description_kind":"markdown","required":true},"route_service_url":{"type":"string","description":"URL to which requests for bound routes will be forwarded; only shown when type is user-provided.","description_kind":"markdown","computed":true},"service_plan":{"type":"string","description":"The ID of the service plan from which the service instance was created, only shown when type is managed","description_kind":"markdown","computed":true},"space":{"type":"string","description":"The ID of the space in which to create the service instance","description_kind":"markdown","required":true},"syslog_drain_url":{"type":"string","description":"URL to which logs for bound applications will be streamed; only shown when type is user-provided.","description_kind":"markdown","computed":true},"tags":{"type":["list","string"],"description":"List of tags used by apps to identify service instances. They are shown in the app VCAP_SERVICES env.","description_kind":"markdown","computed":true},"type":{"type":"string","description":"Type of the service instnace. Either managed or user-provided.","description_kind":"markdown","computed":true},"updated_at":{"type":"string","description":"The date and time when the resource was updated in [RFC3339](https://www.ietf.org/rfc/rfc3339.txt) format.","description_kind":"markdown","computed":true},"upgrade_available":{"type":"bool","description":"Whether or not an upgrade of this service instance is available on the current Service Plan; details are available in the maintenance_info object; Only shown when type is managed","description_kind":"markdown","computed":true}},"description":"Gets information of a Service Instance.","description_kind":"markdown"}},"cloudfoundry_service_instances":{"version":0,"block":{"attributes":{"name":{"type":"string","description":"The name of the service instance to look up","description_kind":"markdown","optional":true},"org":{"type":"string","description":"The GUID of the org under which the service instances are present","description_kind":"markdown","optional":true},"service_instances":{"nested_type":{"attributes":{"annotations":{"type":["map","string"],"description":"The annotations associated with Cloud Foundry resources.","description_kind":"markdown","computed":true},"created_at":{"type":"string","description":"The date and time when the resource was created in [RFC3339](https://www.ietf.org/rfc/rfc3339.txt) format.","description_kind":"markdown","computed":true},"dashboard_url":{"type":"string","description":"The URL to the service instance dashboard (or null if there is none); only shown when type is managed.","description_kind":"markdown","computed":true},"id":{"type":"string","description":"The GUID of the object.","description_kind":"markdown","computed":true},"labels":{"type":["map","string"],"description":"The labels associated with Cloud Foundry resources.","description_kind":"markdown","computed":true},"last_operation":{"nested_type":{"attributes":{"created_at":{"type":"string","description":"The time at which the last operation was created","description_kind":"markdown","computed":true},"description":{"type":"string","description":"A description of the last operation","description_kind":"markdown","computed":true},"state":{"type":"string","description":"The state of the last operation","description_kind":"markdown","computed":true},"type":{"type":"string","description":"The type of the last operation","description_kind":"markdown","computed":true},"updated_at":{"type":"string","description":"The time at which the last operation was updated","description_kind":"markdown","computed":true}},"nesting_mode":"single"},"description":"The details of the last operation performed on the resource","description_kind":"markdown","computed":true},"maintenance_info":{"nested_type":{"attributes":{"description":{"type":"string","description":"A description of the version of the service instance","description_kind":"markdown","computed":true},"version":{"type":"string","description":"The version of the service instance","description_kind":"markdown","computed":true}},"nesting_mode":"single"},"description":"Information about the version of this service instance; only shown when type is managed","description_kind":"markdown","computed":true},"name":{"type":"string","description":"The name of the service instance","description_kind":"markdown","computed":true},"route_service_url":{"type":"string","description":"URL to which requests for bound routes will be forwarded; only shown when type is user-provided.","description_kind":"markdown","computed":true},"service_plan":{"type":"string","description":"The ID of the service plan from which the service instance was created, only shown when type is managed","description_kind":"markdown","computed":true},"space":{"type":"string","description":"The ID of the space in which the service instance exists","description_kind":"markdown","computed":true},"syslog_drain_url":{"type":"string","description":"URL to which logs for bound applications will be streamed; only shown when type is user-provided.","description_kind":"markdown","computed":true},"tags":{"type":["list","string"],"description":"List of tags used by apps to identify service instances. They are shown in the app VCAP_SERVICES env.","description_kind":"markdown","computed":true},"type":{"type":"string","description":"Type of the service instance. Either managed or user-provided.","description_kind":"markdown","computed":true},"updated_at":{"type":"string","description":"The date and time when the resource was updated in [RFC3339](https://www.ietf.org/rfc/rfc3339.txt) format.","description_kind":"markdown","computed":true},"upgrade_available":{"type":"bool","description":"Whether or not an upgrade of this service instance is available on the current Service Plan; details are available in the maintenance_info object; Only shown when type is managed","description_kind":"markdown","computed":true}},"nesting_mode":"list"},"description":"The list of service instances","description_kind":"markdown","computed":true},"space":{"type":"string","description":"The GUID of the space to filter for","description_kind":"markdown","optional":true}},"description":"Fetches service instances available under an org.","description_kind":"markdown"}},"cloudfoundry_service_plans":{"version":0,"block":{"attributes":{"name":{"type":"string","description":"The name of the service plan to look up","description_kind":"markdown","optional":true},"service_broker_name":{"type":"string","description":"The name of the service broker which offers the service. Use this to filter two equally named services from different brokers.","description_kind":"markdown","optional":true},"service_offering_name":{"type":"string","description":"The name of the service offering for whose plans to look up","description_kind":"markdown","optional":true},"service_plans":{"nested_type":{"attributes":{"annotations":{"type":["map","string"],"description":"The annotations associated with Cloud Foundry resources.","description_kind":"markdown","computed":true},"available":{"type":"bool","description":"Whether or not the service plan is available","description_kind":"markdown","computed":true},"broker_catalog":{"nested_type":{"attributes":{"bindable":{"type":"bool","description":"Specifies whether service instances of the service can be bound to applications","description_kind":"markdown","computed":true},"id":{"type":"string","description":"The identifier that the service broker provided for this service plan","description_kind":"markdown","computed":true},"maximum_polling_duration":{"type":"number","description":"The maximum number of seconds that Cloud Foundry will wait for an asynchronous service broker operation","description_kind":"markdown","computed":true},"metadata":{"type":"string","description":"Additional information provided by the service broker as specified by OSBAPI","description_kind":"markdown","computed":true},"plan_updateable":{"type":"bool","description":"Whether the service plan supports upgrade/downgrade for service plans","description_kind":"markdown","computed":true}},"nesting_mode":"single"},"description":"This object contains information obtained from the service broker catalog","description_kind":"markdown","computed":true},"costs":{"nested_type":{"attributes":{"amount":{"type":"number","description":"Pricing amount","description_kind":"markdown","computed":true},"currency":{"type":"string","description":"Currency code for the pricing amount, e.g. USD, GBP","description_kind":"markdown","computed":true},"unit":{"type":"string","description":"Display name for type of cost, e.g. Monthly, Hourly, Request, GB","description_kind":"markdown","computed":true}},"nesting_mode":"list"},"description":"The cost of the service plan as obtained from the service broker catalog","description_kind":"markdown","computed":true},"created_at":{"type":"string","description":"The date and time when the resource was created in [RFC3339](https://www.ietf.org/rfc/rfc3339.txt) format.","description_kind":"markdown","computed":true},"description":{"type":"string","description":"Description of the service plan","description_kind":"markdown","computed":true},"free":{"type":"bool","description":"Whether or not the service plan is free of charge","description_kind":"markdown","computed":true},"id":{"type":"string","description":"The GUID of the object.","description_kind":"markdown","computed":true},"labels":{"type":["map","string"],"description":"The labels associated with Cloud Foundry resources.","description_kind":"markdown","computed":true},"maintenance_info":{"nested_type":{"attributes":{"description":{"type":"string","description":"A textual explanation associated with this version","description_kind":"markdown","computed":true},"version":{"type":"string","description":"The current semantic version of the service plan","description_kind":"markdown","computed":true}},"nesting_mode":"single"},"description":"Information about the version of this service plan","description_kind":"markdown","computed":true},"name":{"type":"string","description":"Name of the service plan","description_kind":"markdown","computed":true},"schemas":{"nested_type":{"attributes":{"service_binding":{"nested_type":{"attributes":{"create_parameters":{"type":"string","description":"Schema definition for the input parameters for service Binding creation","description_kind":"markdown","computed":true}},"nesting_mode":"single"},"description_kind":"plain","computed":true},"service_instance":{"nested_type":{"attributes":{"create_parameters":{"type":"string","description":"Schema definition for the input parameters for service instance creation","description_kind":"markdown","computed":true},"update_parameters":{"type":"string","description":"Schema definition for the input parameters for service instance update","description_kind":"markdown","computed":true}},"nesting_mode":"single"},"description_kind":"plain","computed":true}},"nesting_mode":"single"},"description":"Schema definitions for service instances and service bindings for the service plan","description_kind":"markdown","computed":true},"service_offering":{"type":"string","description":"The service offering that this service plan relates to","description_kind":"markdown","computed":true},"updated_at":{"type":"string","description":"The date and time when the resource was updated in [RFC3339](https://www.ietf.org/rfc/rfc3339.txt) format.","description_kind":"markdown","computed":true},"visibility_type":{"type":"string","description":"Denotes the visibility of the plan","description_kind":"markdown","computed":true}},"nesting_mode":"list"},"description":"The list of the service plans","description_kind":"markdown","computed":true}},"description":"Fetches Service Plans based on the filters provided","description_kind":"markdown"}},"cloudfoundry_service_route_binding":{"version":0,"block":{"attributes":{"annotations":{"type":["map","string"],"description":"The annotations associated with Cloud Foundry resources. Add as described [here](https://docs.cloudfoundry.org/adminguide/metadata.html#-view-metadata-for-an-object).","description_kind":"markdown","optional":true},"created_at":{"type":"string","description":"The date and time when the resource was created in [RFC3339](https://www.ietf.org/rfc/rfc3339.txt) format.","description_kind":"markdown","computed":true},"id":{"type":"string","description":"The GUID of the service route binding","description_kind":"markdown","required":true},"labels":{"type":["map","string"],"description":"The labels associated with Cloud Foundry resources. Add as described [here](https://docs.cloudfoundry.org/adminguide/metadata.html#-view-metadata-for-an-object).","description_kind":"markdown","optional":true},"last_operation":{"nested_type":{"attributes":{"created_at":{"type":"string","description":"The time at which the last operation was created","description_kind":"markdown","computed":true},"description":{"type":"string","description":"A description of the last operation","description_kind":"markdown","computed":true},"state":{"type":"string","description":"The state of the last operation","description_kind":"markdown","computed":true},"type":{"type":"string","description":"The type of the last operation","description_kind":"markdown","computed":true},"updated_at":{"type":"string","description":"The time at which the last operation was updated","description_kind":"markdown","computed":true}},"nesting_mode":"single"},"description":"The details of the last operation performed on the resource","description_kind":"markdown","computed":true},"route":{"type":"string","description":"The GUID of the route to be bound","description_kind":"markdown","computed":true},"route_service_url":{"type":"string","description":"The URL for the route service.","description_kind":"markdown","computed":true},"service_instance":{"type":"string","description":"The service instance that the route is bound to","description_kind":"markdown","computed":true},"updated_at":{"type":"string","description":"The date and time when the resource was updated in [RFC3339](https://www.ietf.org/rfc/rfc3339.txt) format.","description_kind":"markdown","computed":true}},"description":"Gets information on a Service Route Binding.","description_kind":"markdown"}},"cloudfoundry_service_route_bindings":{"version":0,"block":{"attributes":{"route":{"type":"string","description":"The GUID of the route to filter by","description_kind":"markdown","optional":true},"route_bindings":{"nested_type":{"attributes":{"annotations":{"type":["map","string"],"description":"The annotations associated with Cloud Foundry resources. Add as described [here](https://docs.cloudfoundry.org/adminguide/metadata.html#-view-metadata-for-an-object).","description_kind":"markdown","optional":true},"created_at":{"type":"string","description":"The date and time when the resource was created in [RFC3339](https://www.ietf.org/rfc/rfc3339.txt) format.","description_kind":"markdown","computed":true},"id":{"type":"string","description":"The GUID of the object.","description_kind":"markdown","computed":true},"labels":{"type":["map","string"],"description":"The labels associated with Cloud Foundry resources. Add as described [here](https://docs.cloudfoundry.org/adminguide/metadata.html#-view-metadata-for-an-object).","description_kind":"markdown","optional":true},"last_operation":{"nested_type":{"attributes":{"created_at":{"type":"string","description":"The time at which the last operation was created","description_kind":"markdown","computed":true},"description":{"type":"string","description":"A description of the last operation","description_kind":"markdown","computed":true},"state":{"type":"string","description":"The state of the last operation","description_kind":"markdown","computed":true},"type":{"type":"string","description":"The type of the last operation","description_kind":"markdown","computed":true},"updated_at":{"type":"string","description":"The time at which the last operation was updated","description_kind":"markdown","computed":true}},"nesting_mode":"single"},"description":"The details of the last operation performed on the resource","description_kind":"markdown","computed":true},"route":{"type":"string","description":"The GUID of the route to be bound","description_kind":"markdown","computed":true},"route_service_url":{"type":"string","description":"The URL for the route service.","description_kind":"markdown","computed":true},"service_instance":{"type":"string","description":"The service instance that the route is bound to","description_kind":"markdown","computed":true},"updated_at":{"type":"string","description":"The date and time when the resource was updated in [RFC3339](https://www.ietf.org/rfc/rfc3339.txt) format.","description_kind":"markdown","computed":true}},"nesting_mode":"list"},"description":"The list of route bindings for the given service instance.","description_kind":"markdown","computed":true},"service_instance":{"type":"string","description":"The GUID of the service instance to filter by","description_kind":"markdown","optional":true}},"description":"Gets information on Service Route Bindings the user has access to.","description_kind":"markdown"}},"cloudfoundry_space":{"version":0,"block":{"attributes":{"allow_ssh":{"type":"bool","description":"Allows SSH to application containers via the CF CLI.","description_kind":"markdown","computed":true},"annotations":{"type":["map","string"],"description":"The annotations associated with Cloud Foundry resources.","description_kind":"markdown","computed":true},"created_at":{"type":"string","description":"The date and time when the resource was created in [RFC3339](https://www.ietf.org/rfc/rfc3339.txt) format.","description_kind":"markdown","computed":true},"id":{"type":"string","description":"The GUID of the object.","description_kind":"markdown","computed":true},"isolation_segment":{"type":"string","description":"The ID of the isolation segment assigned to the space.","description_kind":"markdown","computed":true},"labels":{"type":["map","string"],"description":"The labels associated with Cloud Foundry resources.","description_kind":"markdown","computed":true},"name":{"type":"string","description":"The name of the space to look up","description_kind":"markdown","required":true},"org":{"type":"string","description":"The GUID of the organization under which the space exists","description_kind":"markdown","required":true},"quota":{"type":"string","description":"The space quota applied to the space","description_kind":"markdown","computed":true},"updated_at":{"type":"string","description":"The date and time when the resource was updated in [RFC3339](https://www.ietf.org/rfc/rfc3339.txt) format.","description_kind":"markdown","computed":true}},"description":"Gets information on a Cloud Foundry space.","description_kind":"markdown"}},"cloudfoundry_space_quota":{"version":0,"block":{"attributes":{"allow_paid_service_plans":{"type":"bool","description":"Determines whether users can provision instances of non-free service plans. Does not control plan visibility. When false, non-free service plans may be visible in the marketplace but instances can not be provisioned.","description_kind":"markdown","computed":true},"created_at":{"type":"string","description":"The date and time when the resource was created in [RFC3339](https://www.ietf.org/rfc/rfc3339.txt) format.","description_kind":"markdown","computed":true},"id":{"type":"string","description":"The GUID of the object.","description_kind":"markdown","computed":true},"instance_memory":{"type":"number","description":"Maximum memory per application instance","description_kind":"markdown","computed":true},"name":{"type":"string","description":"The name of the space quota to look up","description_kind":"markdown","required":true},"org":{"type":"string","description":"The ID of the Org within which to find the space quota","description_kind":"markdown","optional":true,"computed":true},"spaces":{"type":["set","string"],"description":"Set of Space GUIDs to which this space quota would be assigned.","description_kind":"markdown","computed":true},"total_app_instances":{"type":"number","description":"Maximum app instances allowed","description_kind":"markdown","computed":true},"total_app_log_rate_limit":{"type":"number","description":"Maximum log rate allowed for all the started processes and running tasks in bytes/second.","description_kind":"markdown","computed":true},"total_app_tasks":{"type":"number","description":"Maximum tasks allowed per app","description_kind":"markdown","computed":true},"total_memory":{"type":"number","description":"Maximum memory usage allowed","description_kind":"markdown","computed":true},"total_route_ports":{"type":"number","description":"Total number of ports that are reservable by routes in a space","description_kind":"markdown","computed":true},"total_routes":{"type":"number","description":"Maximum routes allowed","description_kind":"markdown","computed":true},"total_service_keys":{"type":"number","description":"Maximum service keys allowed","description_kind":"markdown","computed":true},"total_services":{"type":"number","description":"Maximum services allowed","description_kind":"markdown","computed":true},"updated_at":{"type":"string","description":"The date and time when the resource was updated in [RFC3339](https://www.ietf.org/rfc/rfc3339.txt) format.","description_kind":"markdown","computed":true}},"description":"Gets information on a Cloud Foundry space quota.","description_kind":"markdown"}},"cloudfoundry_space_quotas":{"version":0,"block":{"attributes":{"name":{"type":"string","description":"The name of the space quota to look up","description_kind":"markdown","optional":true},"org":{"type":"string","description":"The ID of the Org within which to find the space quotas","description_kind":"markdown","required":true},"space_quotas":{"nested_type":{"attributes":{"allow_paid_service_plans":{"type":"bool","description":"Specifies whether instances of paid service plans can be created.","description_kind":"markdown","computed":true},"created_at":{"type":"string","description":"The date and time when the resource was created in [RFC3339](https://www.ietf.org/rfc/rfc3339.txt) format.","description_kind":"markdown","computed":true},"id":{"type":"string","description":"The GUID of the object.","description_kind":"markdown","computed":true},"instance_memory":{"type":"number","description":"Maximum memory for a single process or task","description_kind":"markdown","computed":true},"name":{"type":"string","description":"The name of the space quota ","description_kind":"markdown","computed":true},"org":{"type":"string","description":"The ID of the Org within which the space quota is present","description_kind":"markdown","computed":true},"spaces":{"type":["set","string"],"description":"Set of Space GUIDs to which this space quota is assigned.","description_kind":"markdown","computed":true},"total_app_instances":{"type":"number","description":"Total instances of all the started processes allowed in a space","description_kind":"markdown","computed":true},"total_app_log_rate_limit":{"type":"number","description":"Total log rate limit allowed for all the started processes and running tasks in an organization","description_kind":"markdown","computed":true},"total_app_tasks":{"type":"number","description":"Maximum number of running tasks in a space","description_kind":"markdown","computed":true},"total_memory":{"type":"number","description":"Total memory allowed for all the started processes and running tasks in a space","description_kind":"markdown","computed":true},"total_route_ports":{"type":"number","description":"Total number of ports that are reservable by routes in a space","description_kind":"markdown","computed":true},"total_routes":{"type":"number","description":"Total number of routes allowed in a space","description_kind":"markdown","computed":true},"total_service_keys":{"type":"number","description":"Total number of service keys allowed in a space","description_kind":"markdown","computed":true},"total_services":{"type":"number","description":"Total number of service instances allowed in a space","description_kind":"markdown","computed":true},"updated_at":{"type":"string","description":"The date and time when the resource was updated in [RFC3339](https://www.ietf.org/rfc/rfc3339.txt) format.","description_kind":"markdown","computed":true}},"nesting_mode":"list"},"description":"The list of space quotas","description_kind":"markdown","computed":true}},"description":"Fetches space quotas present in a Cloud Foundry org","description_kind":"markdown"}},"cloudfoundry_space_role":{"version":0,"block":{"attributes":{"created_at":{"type":"string","description":"The date and time when the resource was created in [RFC3339](https://www.ietf.org/rfc/rfc3339.txt) format.","description_kind":"markdown","computed":true},"id":{"type":"string","description":"The guid for the role","description_kind":"markdown","required":true},"space":{"type":"string","description":"The guid of the space the role is assigned to","description_kind":"markdown","computed":true},"type":{"type":"string","description":"Role type; see [Valid role types](https://v3-apidocs.cloudfoundry.org/version/3.154.0/index.html#valid-role-types)","description_kind":"markdown","computed":true},"updated_at":{"type":"string","description":"The date and time when the resource was updated in [RFC3339](https://www.ietf.org/rfc/rfc3339.txt) format.","description_kind":"markdown","computed":true},"user":{"type":"string","description":"The guid of the cloudfoundry user the role is assigned to","description_kind":"markdown","computed":true}},"description":"Gets information on a Cloud Foundry space role with a given role ID.","description_kind":"markdown"}},"cloudfoundry_space_roles":{"version":0,"block":{"attributes":{"roles":{"nested_type":{"attributes":{"created_at":{"type":"string","description":"The date and time when the resource was created in [RFC3339](https://www.ietf.org/rfc/rfc3339.txt) format.","description_kind":"markdown","computed":true},"id":{"type":"string","description":"The guid for the role","description_kind":"markdown","computed":true},"space":{"type":"string","description":"The guid of the organization the role is assigned to","description_kind":"markdown","computed":true},"type":{"type":"string","description":"role type","description_kind":"markdown","computed":true},"updated_at":{"type":"string","description":"The date and time when the resource was updated in [RFC3339](https://www.ietf.org/rfc/rfc3339.txt) format.","description_kind":"markdown","computed":true},"user":{"type":"string","description":"The guid of the cloudfoundry user the role is assigned to","description_kind":"markdown","computed":true}},"nesting_mode":"list"},"description":"The list of space roles","description_kind":"markdown","computed":true},"space":{"type":"string","description":"The guid of the space the role is assigned to","description_kind":"markdown","required":true},"type":{"type":"string","description":"Valid space role type to filter for; see [Valid role types](https://v3-apidocs.cloudfoundry.org/version/3.154.0/index.html#valid-role-types)","description_kind":"markdown","optional":true},"user":{"type":"string","description":"The guid of the cloudfoundry user the role is assigned to for filtering","description_kind":"markdown","optional":true}},"description":"Gets information on Cloud Foundry roles within a space.","description_kind":"markdown"}},"cloudfoundry_spaces":{"version":0,"block":{"attributes":{"name":{"type":"string","description":"The name of the space to look up","description_kind":"markdown","optional":true},"org":{"type":"string","description":"The GUID of the organization under which the spaces exist","description_kind":"markdown","required":true},"spaces":{"nested_type":{"attributes":{"allow_ssh":{"type":"bool","description":"Allows SSH to application containers via the CF CLI.","description_kind":"markdown","computed":true},"annotations":{"type":["map","string"],"description":"The annotations associated with Cloud Foundry resources.","description_kind":"markdown","computed":true},"created_at":{"type":"string","description":"The date and time when the resource was created in [RFC3339](https://www.ietf.org/rfc/rfc3339.txt) format.","description_kind":"markdown","computed":true},"id":{"type":"string","description":"The GUID of the object.","description_kind":"markdown","computed":true},"isolation_segment":{"type":"string","description":"The ID of the isolation segment assigned to the space.","description_kind":"markdown","computed":true},"labels":{"type":["map","string"],"description":"The labels associated with Cloud Foundry resources.","description_kind":"markdown","computed":true},"name":{"type":"string","description":"name of the space","description_kind":"markdown","computed":true},"org":{"type":"string","description":"The GUID of the organization the space is contained in","description_kind":"markdown","computed":true},"quota":{"type":"string","description":"The space quota applied to the space","description_kind":"markdown","computed":true},"updated_at":{"type":"string","description":"The date and time when the resource was updated in [RFC3339](https://www.ietf.org/rfc/rfc3339.txt) format.","description_kind":"markdown","computed":true}},"nesting_mode":"list"},"description":"The spaces present under the organization","description_kind":"markdown","computed":true}},"description":"Lists all spaces under an organization.","description_kind":"markdown"}},"cloudfoundry_stack":{"version":0,"block":{"attributes":{"annotations":{"type":["map","string"],"description":"The annotations associated with Cloud Foundry resources.","description_kind":"markdown","computed":true},"build_rootfs_image":{"type":"string","description":"The name of the stack image associated with staging/building Apps. If a stack does not have unique images, this will be the same as the stack name.","description_kind":"markdown","computed":true},"created_at":{"type":"string","description":"The date and time when the resource was created in [RFC3339](https://www.ietf.org/rfc/rfc3339.txt) format.","description_kind":"markdown","computed":true},"default":{"type":"bool","description":"Whether the stack is configured to be the default stack for new applications.","description_kind":"markdown","computed":true},"description":{"type":"string","description":"The description of the stack","description_kind":"markdown","computed":true},"id":{"type":"string","description":"The GUID of the object.","description_kind":"markdown","computed":true},"labels":{"type":["map","string"],"description":"The labels associated with Cloud Foundry resources.","description_kind":"markdown","computed":true},"name":{"type":"string","description":"The name of the stack","description_kind":"markdown","required":true},"run_rootfs_image":{"type":"string","description":"The name of the stack image associated with running Apps + Tasks. If a stack does not have unique images, this will be the same as the stack name.","description_kind":"markdown","computed":true},"updated_at":{"type":"string","description":"The date and time when the resource was updated in [RFC3339](https://www.ietf.org/rfc/rfc3339.txt) format.","description_kind":"markdown","computed":true}},"description":"Gets information on a Cloud Foundry stack.","description_kind":"markdown"}},"cloudfoundry_stacks":{"version":0,"block":{"attributes":{"name":{"type":"string","description":"Name of the stack to filter by","description_kind":"markdown","optional":true},"stacks":{"nested_type":{"attributes":{"annotations":{"type":["map","string"],"description":"The annotations associated with Cloud Foundry resources.","description_kind":"markdown","computed":true},"build_rootfs_image":{"type":"string","description":"The name of the stack image associated with staging/building Apps. If a stack does not have unique images, this will be the same as the stack name.","description_kind":"markdown","computed":true},"created_at":{"type":"string","description":"The date and time when the resource was created in [RFC3339](https://www.ietf.org/rfc/rfc3339.txt) format.","description_kind":"markdown","computed":true},"default":{"type":"bool","description":"Whether the stack is configured to be the default stack for new applications.","description_kind":"markdown","computed":true},"description":{"type":"string","description":"The description of the stack","description_kind":"markdown","computed":true},"id":{"type":"string","description":"The GUID of the object.","description_kind":"markdown","computed":true},"labels":{"type":["map","string"],"description":"The labels associated with Cloud Foundry resources.","description_kind":"markdown","computed":true},"name":{"type":"string","description":"The name of the stack","description_kind":"markdown","computed":true},"run_rootfs_image":{"type":"string","description":"The name of the stack image associated with running Apps + Tasks. If a stack does not have unique images, this will be the same as the stack name.","description_kind":"markdown","computed":true},"updated_at":{"type":"string","description":"The date and time when the resource was updated in [RFC3339](https://www.ietf.org/rfc/rfc3339.txt) format.","description_kind":"markdown","computed":true}},"nesting_mode":"list"},"description":"The list of stacks","description_kind":"markdown","computed":true}},"description":"Gets information of Cloud Foundry stacks present.","description_kind":"markdown"}},"cloudfoundry_user":{"version":0,"block":{"attributes":{"name":{"type":"string","description":"The name of the user to look up","description_kind":"markdown","required":true},"users":{"nested_type":{"attributes":{"annotations":{"type":["map","string"],"description":"The annotations associated with Cloud Foundry resources.","description_kind":"markdown","computed":true},"created_at":{"type":"string","description":"The date and time when the resource was created in [RFC3339](https://www.ietf.org/rfc/rfc3339.txt) format.","description_kind":"markdown","computed":true},"id":{"type":"string","description":"The GUID of the object.","description_kind":"markdown","computed":true},"labels":{"type":["map","string"],"description":"The labels associated with Cloud Foundry resources.","description_kind":"markdown","computed":true},"origin":{"type":"string","description":"The identity provider for the UAA user; will be null for UAA clients","description_kind":"markdown","computed":true},"presentation_name":{"type":"string","description":"The name displayed for the user; for UAA users, this is the same as the username. For UAA clients, this is the UAA client ID","description_kind":"markdown","computed":true},"updated_at":{"type":"string","description":"The date and time when the resource was updated in [RFC3339](https://www.ietf.org/rfc/rfc3339.txt) format.","description_kind":"markdown","computed":true},"username":{"type":"string","description":"The name registered in UAA; will be null for UAA clients and non-UAA users","description_kind":"markdown","computed":true}},"nesting_mode":"list"},"description":"The list of users containing the given username.","description_kind":"markdown","computed":true}},"description":"Gets information on Cloud Foundry users with a given username.","description_kind":"markdown"}},"cloudfoundry_users":{"version":0,"block":{"attributes":{"org":{"type":"string","description":"The guid of the organization","description_kind":"markdown","optional":true},"space":{"type":"string","description":"The guid of the space","description_kind":"markdown","optional":true},"users":{"nested_type":{"attributes":{"annotations":{"type":["map","string"],"description":"The annotations associated with Cloud Foundry resources.","description_kind":"markdown","computed":true},"created_at":{"type":"string","description":"The date and time when the resource was created in [RFC3339](https://www.ietf.org/rfc/rfc3339.txt) format.","description_kind":"markdown","computed":true},"id":{"type":"string","description":"The GUID of the object.","description_kind":"markdown","computed":true},"labels":{"type":["map","string"],"description":"The labels associated with Cloud Foundry resources.","description_kind":"markdown","computed":true},"origin":{"type":"string","description":"The identity provider for the UAA user; will be null for UAA clients","description_kind":"markdown","computed":true},"presentation_name":{"type":"string","description":"The name displayed for the user; for UAA users, this is the same as the username. For UAA clients, this is the UAA client ID","description_kind":"markdown","computed":true},"updated_at":{"type":"string","description":"The date and time when the resource was updated in [RFC3339](https://www.ietf.org/rfc/rfc3339.txt) format.","description_kind":"markdown","computed":true},"username":{"type":"string","description":"The name registered in UAA; will be null for UAA clients and non-UAA users","description_kind":"markdown","computed":true}},"nesting_mode":"list"},"description":"The list of users containing a role in the specified space or organization.","description_kind":"markdown","computed":true}},"description":"Retrieves all users with a role in the specified space or organization","description_kind":"markdown"}}}}}}
